PODS:
  - GoogleAnalytics-iOS-SDK (3.0.1)
  - TestFlightSDK (3.0.0)

DEPENDENCIES:
  - GoogleAnalytics-iOS-SDK (= 3.0.1)
  - TestFlightSDK (= 3.0.0)

SPEC CHECKSUMS:
  GoogleAnalytics-iOS-SDK: 3244da80466a34d64a4938b77f19db45f50b4e90
  TestFlightSDK: fe0567a897456b6f65b180541892ef0154986e01

COCOAPODS: 0.32.1
