// !$*UTF8*$!
{
	archiveVersion = 1;
	classes = {
	};
	objectVersion = 46;
	objects = {

/* Begin PBXAggregateTarget section */
		916148B916EBCE8F001C546C /* Framework */ = {
			isa = PBXAggregateTarget;
			buildConfigurationList = 916148BA16EBCE8F001C546C /* Build configuration list for PBXAggregateTarget "Framework" */;
			buildPhases = (
			);
			dependencies = (
				916148C416EBDDFA001C546C /* PBXTargetDependency */,
				916148C016EBCEA6001C546C /* PBXTargetDependency */,
				916148BE16EBCEA2001C546C /* PBXTargetDependency */,
			);
			name = Framework;
			productName = Framework;
		};
/* End PBXAggregateTarget section */

/* Begin PBXBuildFile section */
		811A9CC6175FFD0700B42612 /* TaloolCustomerUX.h in Headers */ = {isa = PBXBuildFile; fileRef = 811A9CC4175FFD0700B42612 /* TaloolCustomerUX.h */; settings = {ATTRIBUTES = (Public, ); }; };
		811A9CC7175FFD0700B42612 /* TaloolCustomerUX.m in Sources */ = {isa = PBXBuildFile; fileRef = 811A9CC5175FFD0700B42612 /* TaloolCustomerUX.m */; };
		811A9CDC1760368D00B42612 /* TaloolDeal.h in Headers */ = {isa = PBXBuildFile; fileRef = 811A9CDA1760368C00B42612 /* TaloolDeal.h */; settings = {ATTRIBUTES = (Public, ); }; };
		811A9CDD1760368D00B42612 /* TaloolDeal.m in Sources */ = {isa = PBXBuildFile; fileRef = 811A9CDB1760368C00B42612 /* TaloolDeal.m */; };
		8145C4461778C81C00880294 /* Talool.xcdatamodeld in Sources */ = {isa = PBXBuildFile; fileRef = 8145C4431778C81C00880294 /* Talool.xcdatamodeld */; };
		8145C4561778F98000880294 /* Talool.xcdatamodeld in Sources */ = {isa = PBXBuildFile; fileRef = 8145C4431778C81C00880294 /* Talool.xcdatamodeld */; };
		81510D67175EF3DC002A869A /* SocialAccount.h in Headers */ = {isa = PBXBuildFile; fileRef = 81510D65175EF3DC002A869A /* SocialAccount.h */; settings = {ATTRIBUTES = (Public, ); }; };
		81510D68175EF3DC002A869A /* SocialAccount.m in Sources */ = {isa = PBXBuildFile; fileRef = 81510D66175EF3DC002A869A /* SocialAccount.m */; };
		81510D7B175EF44D002A869A /* ttGift.h in Headers */ = {isa = PBXBuildFile; fileRef = 81510D79175EF44D002A869A /* ttGift.h */; settings = {ATTRIBUTES = (Public, ); }; };
		81510D7C175EF44D002A869A /* ttGift.m in Sources */ = {isa = PBXBuildFile; fileRef = 81510D7A175EF44D002A869A /* ttGift.m */; };
		819FA933177B702E006A819B /* Activity.h in Headers */ = {isa = PBXBuildFile; fileRef = 819FA92D177B702E006A819B /* Activity.h */; };
		819FA934177B702E006A819B /* Activity.m in Sources */ = {isa = PBXBuildFile; fileRef = 819FA92E177B702E006A819B /* Activity.m */; };
		819FA935177B702E006A819B /* Core.h in Headers */ = {isa = PBXBuildFile; fileRef = 819FA92F177B702E006A819B /* Core.h */; };
		819FA936177B702E006A819B /* Core.m in Sources */ = {isa = PBXBuildFile; fileRef = 819FA930177B702E006A819B /* Core.m */; };
		819FA937177B702E006A819B /* CustomerService.h in Headers */ = {isa = PBXBuildFile; fileRef = 819FA931177B702E006A819B /* CustomerService.h */; };
		819FA938177B702E006A819B /* CustomerService.m in Sources */ = {isa = PBXBuildFile; fileRef = 819FA932177B702E006A819B /* CustomerService.m */; };
		819FA93C177B7954006A819B /* TaloolActivity.h in Headers */ = {isa = PBXBuildFile; fileRef = 819FA93A177B7954006A819B /* TaloolActivity.h */; settings = {ATTRIBUTES = (Public, ); }; };
		819FA93D177B7954006A819B /* TaloolActivity.m in Sources */ = {isa = PBXBuildFile; fileRef = 819FA93B177B7954006A819B /* TaloolActivity.m */; };
		819FA940177B7954006A819B /* TaloolActivityLink.h in Headers */ = {isa = PBXBuildFile; fileRef = 819FA93E177B7954006A819B /* TaloolActivityLink.h */; settings = {ATTRIBUTES = (Public, ); }; };
		819FA941177B7954006A819B /* TaloolActivityLink.m in Sources */ = {isa = PBXBuildFile; fileRef = 819FA93F177B7954006A819B /* TaloolActivityLink.m */; };
		819FA944177B7980006A819B /* ttActivity.h in Headers */ = {isa = PBXBuildFile; fileRef = 819FA942177B7980006A819B /* ttActivity.h */; settings = {ATTRIBUTES = (Public, ); }; };
		819FA945177B7980006A819B /* ttActivity.m in Sources */ = {isa = PBXBuildFile; fileRef = 819FA943177B7980006A819B /* ttActivity.m */; };
		819FA948177B79B8006A819B /* ttActivityLink.h in Headers */ = {isa = PBXBuildFile; fileRef = 819FA946177B79B8006A819B /* ttActivityLink.h */; settings = {ATTRIBUTES = (Public, ); }; };
		819FA949177B79B8006A819B /* ttActivityLink.m in Sources */ = {isa = PBXBuildFile; fileRef = 819FA947177B79B8006A819B /* ttActivityLink.m */; };
		81FF00DF17611CF40040E1F6 /* TaloolCustomer.h in Headers */ = {isa = PBXBuildFile; fileRef = 81FF00DD17611CF40040E1F6 /* TaloolCustomer.h */; settings = {ATTRIBUTES = (Public, ); }; };
		81FF00E017611CF40040E1F6 /* TaloolCustomer.m in Sources */ = {isa = PBXBuildFile; fileRef = 81FF00DE17611CF40040E1F6 /* TaloolCustomer.m */; };
		81FF00E317611CF50040E1F6 /* TaloolDealAcquire.h in Headers */ = {isa = PBXBuildFile; fileRef = 81FF00E117611CF50040E1F6 /* TaloolDealAcquire.h */; settings = {ATTRIBUTES = (Public, ); }; };
		81FF00E417611CF50040E1F6 /* TaloolDealAcquire.m in Sources */ = {isa = PBXBuildFile; fileRef = 81FF00E217611CF50040E1F6 /* TaloolDealAcquire.m */; };
		81FF00E717611CF50040E1F6 /* Friend.h in Headers */ = {isa = PBXBuildFile; fileRef = 81FF00E517611CF50040E1F6 /* Friend.h */; settings = {ATTRIBUTES = (Public, ); }; };
		81FF00E817611CF50040E1F6 /* Friend.m in Sources */ = {isa = PBXBuildFile; fileRef = 81FF00E617611CF50040E1F6 /* Friend.m */; };
		81FF00EB17611CF50040E1F6 /* TaloolGift.h in Headers */ = {isa = PBXBuildFile; fileRef = 81FF00E917611CF50040E1F6 /* TaloolGift.h */; settings = {ATTRIBUTES = (Public, ); }; };
		81FF00EC17611CF50040E1F6 /* TaloolGift.m in Sources */ = {isa = PBXBuildFile; fileRef = 81FF00EA17611CF50040E1F6 /* TaloolGift.m */; };
		81FF00EF17611CF50040E1F6 /* TaloolToken.h in Headers */ = {isa = PBXBuildFile; fileRef = 81FF00ED17611CF50040E1F6 /* TaloolToken.h */; settings = {ATTRIBUTES = (Public, ); }; };
		81FF00F017611CF50040E1F6 /* TaloolToken.m in Sources */ = {isa = PBXBuildFile; fileRef = 81FF00EE17611CF50040E1F6 /* TaloolToken.m */; };
		81FF00F317611D860040E1F6 /* ttFriend.h in Headers */ = {isa = PBXBuildFile; fileRef = 81FF00F117611D860040E1F6 /* ttFriend.h */; settings = {ATTRIBUTES = (Public, ); }; };
		81FF00F417611D860040E1F6 /* ttFriend.m in Sources */ = {isa = PBXBuildFile; fileRef = 81FF00F217611D860040E1F6 /* ttFriend.m */; };
		91490D581747293800622A85 /* TaloolMerchantLocation.h in Headers */ = {isa = PBXBuildFile; fileRef = 91490D561747293800622A85 /* TaloolMerchantLocation.h */; settings = {ATTRIBUTES = (Public, ); }; };
		91490D591747293800622A85 /* TaloolMerchantLocation.m in Sources */ = {isa = PBXBuildFile; fileRef = 91490D571747293800622A85 /* TaloolMerchantLocation.m */; };
		91490D5E17472A4C00622A85 /* ttCategory.h in Headers */ = {isa = PBXBuildFile; fileRef = 91490D5C17472A4C00622A85 /* ttCategory.h */; settings = {ATTRIBUTES = (Public, ); }; };
		91490D5F17472A4C00622A85 /* ttCategory.m in Sources */ = {isa = PBXBuildFile; fileRef = 91490D5D17472A4C00622A85 /* ttCategory.m */; };
		91490D7217473D9200622A85 /* TaloolCategory.h in Headers */ = {isa = PBXBuildFile; fileRef = 91490D7017473D9100622A85 /* TaloolCategory.h */; settings = {ATTRIBUTES = (Public, ); }; };
		91490D7317473D9200622A85 /* TaloolCategory.m in Sources */ = {isa = PBXBuildFile; fileRef = 91490D7117473D9100622A85 /* TaloolCategory.m */; };
		91490D7617473D9400622A85 /* TaloolMerchant.h in Headers */ = {isa = PBXBuildFile; fileRef = 91490D7417473D9300622A85 /* TaloolMerchant.h */; settings = {ATTRIBUTES = (Public, ); }; };
		91490D7717473D9400622A85 /* TaloolMerchant.m in Sources */ = {isa = PBXBuildFile; fileRef = 91490D7517473D9300622A85 /* TaloolMerchant.m */; };
		914A1AE816E6ECAD0043989A /* Foundation.framework in Frameworks */ = {isa = PBXBuildFile; fileRef = 914A1AE716E6ECAD0043989A /* Foundation.framework */; };
		914A1AED16E6ECAD0043989A /* talool_api_ios.h in CopyFiles */ = {isa = PBXBuildFile; fileRef = 914A1AEC16E6ECAD0043989A /* talool_api_ios.h */; };
		914A1AF716E6ECAD0043989A /* SenTestingKit.framework in Frameworks */ = {isa = PBXBuildFile; fileRef = 914A1AF616E6ECAD0043989A /* SenTestingKit.framework */; };
		914A1AF916E6ECAD0043989A /* UIKit.framework in Frameworks */ = {isa = PBXBuildFile; fileRef = 914A1AF816E6ECAD0043989A /* UIKit.framework */; };
		914A1AFA16E6ECAD0043989A /* Foundation.framework in Frameworks */ = {isa = PBXBuildFile; fileRef = 914A1AE716E6ECAD0043989A /* Foundation.framework */; };
		914A1B0316E6ECAD0043989A /* InfoPlist.strings in Resources */ = {isa = PBXBuildFile; fileRef = 914A1B0116E6ECAD0043989A /* InfoPlist.strings */; };
		914A1B0616E6ECAD0043989A /* talool_api_iosTests.m in Sources */ = {isa = PBXBuildFile; fileRef = 914A1B0516E6ECAD0043989A /* talool_api_iosTests.m */; };
		914A1B2516E6ED390043989A /* ttCustomer.m in Sources */ = {isa = PBXBuildFile; fileRef = 914A1B1716E6ED390043989A /* ttCustomer.m */; };
		914A1B2616E6ED390043989A /* ttAddress.m in Sources */ = {isa = PBXBuildFile; fileRef = 914A1B1916E6ED390043989A /* ttAddress.m */; };
		914A1B2716E6ED390043989A /* ttMerchant.m in Sources */ = {isa = PBXBuildFile; fileRef = 914A1B1B16E6ED390043989A /* ttMerchant.m */; };
		914A1B2816E6ED390043989A /* MerchantController.m in Sources */ = {isa = PBXBuildFile; fileRef = 914A1B1E16E6ED390043989A /* MerchantController.m */; };
		914A1B2916E6ED390043989A /* CustomerController.m in Sources */ = {isa = PBXBuildFile; fileRef = 914A1B2016E6ED390043989A /* CustomerController.m */; };
		914A1B4D16E6ED9B0043989A /* TBinaryProtocol.m in Sources */ = {isa = PBXBuildFile; fileRef = 914A1B2D16E6ED9B0043989A /* TBinaryProtocol.m */; };
		914A1B4E16E6ED9B0043989A /* TProtocolException.m in Sources */ = {isa = PBXBuildFile; fileRef = 914A1B3016E6ED9B0043989A /* TProtocolException.m */; };
		914A1B4F16E6ED9B0043989A /* TProtocolUtil.m in Sources */ = {isa = PBXBuildFile; fileRef = 914A1B3316E6ED9B0043989A /* TProtocolUtil.m */; };
		914A1B5016E6ED9B0043989A /* TSocketServer.m in Sources */ = {isa = PBXBuildFile; fileRef = 914A1B3516E6ED9B0043989A /* TSocketServer.m */; };
		914A1B5116E6ED9B0043989A /* TApplicationException.m in Sources */ = {isa = PBXBuildFile; fileRef = 914A1B3716E6ED9B0043989A /* TApplicationException.m */; };
		914A1B5216E6ED9B0043989A /* TException.m in Sources */ = {isa = PBXBuildFile; fileRef = 914A1B3916E6ED9B0043989A /* TException.m */; };
		914A1B5316E6ED9B0043989A /* THTTPClient.m in Sources */ = {isa = PBXBuildFile; fileRef = 914A1B3E16E6ED9B0043989A /* THTTPClient.m */; };
		914A1B5416E6ED9B0043989A /* TMemoryBuffer.m in Sources */ = {isa = PBXBuildFile; fileRef = 914A1B4016E6ED9B0043989A /* TMemoryBuffer.m */; };
		914A1B5516E6ED9B0043989A /* TNSFileHandleTransport.m in Sources */ = {isa = PBXBuildFile; fileRef = 914A1B4216E6ED9B0043989A /* TNSFileHandleTransport.m */; };
		914A1B5616E6ED9B0043989A /* TNSStreamTransport.m in Sources */ = {isa = PBXBuildFile; fileRef = 914A1B4416E6ED9B0043989A /* TNSStreamTransport.m */; };
		914A1B5716E6ED9B0043989A /* TSocketClient.m in Sources */ = {isa = PBXBuildFile; fileRef = 914A1B4616E6ED9B0043989A /* TSocketClient.m */; };
		914A1B5816E6ED9B0043989A /* TTransportException.m in Sources */ = {isa = PBXBuildFile; fileRef = 914A1B4916E6ED9B0043989A /* TTransportException.m */; };
		914A1B5916E6ED9B0043989A /* TSharedProcessorFactory.m in Sources */ = {isa = PBXBuildFile; fileRef = 914A1B4B16E6ED9B0043989A /* TSharedProcessorFactory.m */; };
		914A1B6916E702D70043989A /* ttCustomer.h in Headers */ = {isa = PBXBuildFile; fileRef = 914A1B1616E6ED390043989A /* ttCustomer.h */; settings = {ATTRIBUTES = (Public, ); }; };
		914A1B6B16E703310043989A /* ttAddress.h in Headers */ = {isa = PBXBuildFile; fileRef = 914A1B1816E6ED390043989A /* ttAddress.h */; settings = {ATTRIBUTES = (Public, ); }; };
		914A1B6C16E703310043989A /* ttMerchant.h in Headers */ = {isa = PBXBuildFile; fileRef = 914A1B1A16E6ED390043989A /* ttMerchant.h */; settings = {ATTRIBUTES = (Public, ); }; };
		914A1B7016E703310043989A /* MerchantController.h in Headers */ = {isa = PBXBuildFile; fileRef = 914A1B1D16E6ED390043989A /* MerchantController.h */; settings = {ATTRIBUTES = (Public, ); }; };
		914A1B7116E703310043989A /* CustomerController.h in Headers */ = {isa = PBXBuildFile; fileRef = 914A1B1F16E6ED390043989A /* CustomerController.h */; settings = {ATTRIBUTES = (Public, ); }; };
		914A1B7216E703310043989A /* TApplicationException.h in Headers */ = {isa = PBXBuildFile; fileRef = 914A1B3616E6ED9B0043989A /* TApplicationException.h */; settings = {ATTRIBUTES = (); }; };
		914A1B7316E703310043989A /* TException.h in Headers */ = {isa = PBXBuildFile; fileRef = 914A1B3816E6ED9B0043989A /* TException.h */; settings = {ATTRIBUTES = (); }; };
		914A1B7416E703310043989A /* TObjective-C.h in Headers */ = {isa = PBXBuildFile; fileRef = 914A1B3A16E6ED9B0043989A /* TObjective-C.h */; settings = {ATTRIBUTES = (); }; };
		914A1B7516E703310043989A /* TProcessor.h in Headers */ = {isa = PBXBuildFile; fileRef = 914A1B3B16E6ED9B0043989A /* TProcessor.h */; settings = {ATTRIBUTES = (); }; };
		914A1B7616E703310043989A /* TProcessorFactory.h in Headers */ = {isa = PBXBuildFile; fileRef = 914A1B3C16E6ED9B0043989A /* TProcessorFactory.h */; settings = {ATTRIBUTES = (); }; };
		914A1B7716E703310043989A /* TSharedProcessorFactory.h in Headers */ = {isa = PBXBuildFile; fileRef = 914A1B4A16E6ED9B0043989A /* TSharedProcessorFactory.h */; settings = {ATTRIBUTES = (); }; };
		914A1B7916E703310043989A /* TBinaryProtocol.h in Headers */ = {isa = PBXBuildFile; fileRef = 914A1B2C16E6ED9B0043989A /* TBinaryProtocol.h */; settings = {ATTRIBUTES = (); }; };
		914A1B7A16E703310043989A /* TProtocol.h in Headers */ = {isa = PBXBuildFile; fileRef = 914A1B2E16E6ED9B0043989A /* TProtocol.h */; settings = {ATTRIBUTES = (); }; };
		914A1B7B16E703310043989A /* TProtocolException.h in Headers */ = {isa = PBXBuildFile; fileRef = 914A1B2F16E6ED9B0043989A /* TProtocolException.h */; settings = {ATTRIBUTES = (); }; };
		914A1B7C16E703310043989A /* TProtocolFactory.h in Headers */ = {isa = PBXBuildFile; fileRef = 914A1B3116E6ED9B0043989A /* TProtocolFactory.h */; settings = {ATTRIBUTES = (); }; };
		914A1B7D16E703310043989A /* TProtocolUtil.h in Headers */ = {isa = PBXBuildFile; fileRef = 914A1B3216E6ED9B0043989A /* TProtocolUtil.h */; settings = {ATTRIBUTES = (); }; };
		914A1B7E16E703310043989A /* THTTPClient.h in Headers */ = {isa = PBXBuildFile; fileRef = 914A1B3D16E6ED9B0043989A /* THTTPClient.h */; settings = {ATTRIBUTES = (); }; };
		914A1B7F16E703310043989A /* TMemoryBuffer.h in Headers */ = {isa = PBXBuildFile; fileRef = 914A1B3F16E6ED9B0043989A /* TMemoryBuffer.h */; settings = {ATTRIBUTES = (); }; };
		914A1B8016E703310043989A /* TNSFileHandleTransport.h in Headers */ = {isa = PBXBuildFile; fileRef = 914A1B4116E6ED9B0043989A /* TNSFileHandleTransport.h */; settings = {ATTRIBUTES = (); }; };
		914A1B8116E703310043989A /* TNSStreamTransport.h in Headers */ = {isa = PBXBuildFile; fileRef = 914A1B4316E6ED9B0043989A /* TNSStreamTransport.h */; settings = {ATTRIBUTES = (); }; };
		914A1B8216E703310043989A /* TSocketClient.h in Headers */ = {isa = PBXBuildFile; fileRef = 914A1B4516E6ED9B0043989A /* TSocketClient.h */; settings = {ATTRIBUTES = (); }; };
		914A1B8316E703310043989A /* TTransport.h in Headers */ = {isa = PBXBuildFile; fileRef = 914A1B4716E6ED9B0043989A /* TTransport.h */; settings = {ATTRIBUTES = (); }; };
		914A1B8416E703310043989A /* TTransportException.h in Headers */ = {isa = PBXBuildFile; fileRef = 914A1B4816E6ED9B0043989A /* TTransportException.h */; settings = {ATTRIBUTES = (); }; };
		914A1B8516E703370043989A /* TSocketServer.h in Headers */ = {isa = PBXBuildFile; fileRef = 914A1B3416E6ED9B0043989A /* TSocketServer.h */; settings = {ATTRIBUTES = (); }; };
		9161489316EBA743001C546C /* TaloolPersistentStoreCoordinator.h in Headers */ = {isa = PBXBuildFile; fileRef = 9161489116EBA743001C546C /* TaloolPersistentStoreCoordinator.h */; settings = {ATTRIBUTES = (Public, ); }; };
		9161489416EBA743001C546C /* TaloolPersistentStoreCoordinator.m in Sources */ = {isa = PBXBuildFile; fileRef = 9161489216EBA743001C546C /* TaloolPersistentStoreCoordinator.m */; };
		916148AB16EBC9E1001C546C /* CoreFoundation.framework in Frameworks */ = {isa = PBXBuildFile; fileRef = 9161489A16EBC99C001C546C /* CoreFoundation.framework */; };
		916148B116EBC9E1001C546C /* InfoPlist.strings in Resources */ = {isa = PBXBuildFile; fileRef = 916148AF16EBC9E1001C546C /* InfoPlist.strings */; };
		9175717F16F3DD75002ACB08 /* libtalool-api-ios.a in Frameworks */ = {isa = PBXBuildFile; fileRef = 914A1AE416E6ECAC0043989A /* libtalool-api-ios.a */; };
		9179A9F91725A68D0082DB62 /* ttMerchantLocation.h in Headers */ = {isa = PBXBuildFile; fileRef = 9179A9F71725A68C0082DB62 /* ttMerchantLocation.h */; settings = {ATTRIBUTES = (Public, ); }; };
		9179A9FA1725A68D0082DB62 /* ttMerchantLocation.m in Sources */ = {isa = PBXBuildFile; fileRef = 9179A9F81725A68C0082DB62 /* ttMerchantLocation.m */; };
		9179A9FD1725A6B80082DB62 /* ttDealAcquire.h in Headers */ = {isa = PBXBuildFile; fileRef = 9179A9FB1725A6B80082DB62 /* ttDealAcquire.h */; settings = {ATTRIBUTES = (Public, ); }; };
		9179A9FE1725A6B80082DB62 /* ttDealAcquire.m in Sources */ = {isa = PBXBuildFile; fileRef = 9179A9FC1725A6B80082DB62 /* ttDealAcquire.m */; };
		9179AA5A1728225B0082DB62 /* SocialNetworkDetail.h in Headers */ = {isa = PBXBuildFile; fileRef = 9179AA581728225A0082DB62 /* SocialNetworkDetail.h */; settings = {ATTRIBUTES = (Public, ); }; };
		9179AA5B1728225B0082DB62 /* SocialNetworkDetail.m in Sources */ = {isa = PBXBuildFile; fileRef = 9179AA591728225A0082DB62 /* SocialNetworkDetail.m */; };
		9179AA5E1728225D0082DB62 /* TaloolSearchOptions.h in Headers */ = {isa = PBXBuildFile; fileRef = 9179AA5C1728225D0082DB62 /* TaloolSearchOptions.h */; settings = {ATTRIBUTES = (Public, ); }; };
		9179AA5F1728225D0082DB62 /* TaloolSearchOptions.m in Sources */ = {isa = PBXBuildFile; fileRef = 9179AA5D1728225D0082DB62 /* TaloolSearchOptions.m */; };
		917CBE2C17454D4F00383EA1 /* TaloolAddress.h in Headers */ = {isa = PBXBuildFile; fileRef = 917CBE2A17454D4F00383EA1 /* TaloolAddress.h */; settings = {ATTRIBUTES = (Public, ); }; };
		917CBE2D17454D4F00383EA1 /* TaloolAddress.m in Sources */ = {isa = PBXBuildFile; fileRef = 917CBE2B17454D4F00383EA1 /* TaloolAddress.m */; };
		917CBE3417454D5000383EA1 /* TaloolLocation.h in Headers */ = {isa = PBXBuildFile; fileRef = 917CBE3217454D5000383EA1 /* TaloolLocation.h */; settings = {ATTRIBUTES = (Public, ); }; };
		917CBE3517454D5000383EA1 /* TaloolLocation.m in Sources */ = {isa = PBXBuildFile; fileRef = 917CBE3317454D5000383EA1 /* TaloolLocation.m */; };
		917CBE44174550E500383EA1 /* ttLocation.h in Headers */ = {isa = PBXBuildFile; fileRef = 917CBE42174550E400383EA1 /* ttLocation.h */; settings = {ATTRIBUTES = (Public, ); }; };
		917CBE45174550E500383EA1 /* ttLocation.m in Sources */ = {isa = PBXBuildFile; fileRef = 917CBE43174550E400383EA1 /* ttLocation.m */; };
		91866B58174BEF0200083260 /* APIErrorManager.h in Headers */ = {isa = PBXBuildFile; fileRef = 91866B56174BEEFD00083260 /* APIErrorManager.h */; };
		91866B59174BEF0200083260 /* APIErrorManager.m in Sources */ = {isa = PBXBuildFile; fileRef = 91866B57174BEEFF00083260 /* APIErrorManager.m */; };
		91866B5D174C156900083260 /* TaloolErrorHandler.h in Headers */ = {isa = PBXBuildFile; fileRef = 91866B5B174C156800083260 /* TaloolErrorHandler.h */; };
		91866B5E174C156900083260 /* TaloolErrorHandler.m in Sources */ = {isa = PBXBuildFile; fileRef = 91866B5C174C156900083260 /* TaloolErrorHandler.m */; };
		919A32EB1743EB540093FAC4 /* TaloolDealOffer.h in Headers */ = {isa = PBXBuildFile; fileRef = 919A32E91743EB540093FAC4 /* TaloolDealOffer.h */; settings = {ATTRIBUTES = (Public, ); }; };
		919A32EC1743EB540093FAC4 /* TaloolDealOffer.m in Sources */ = {isa = PBXBuildFile; fileRef = 919A32EA1743EB540093FAC4 /* TaloolDealOffer.m */; };
		919A32EF1743EBD40093FAC4 /* ttDealOffer.h in Headers */ = {isa = PBXBuildFile; fileRef = 919A32ED1743EBD40093FAC4 /* ttDealOffer.h */; settings = {ATTRIBUTES = (Public, ); }; };
		919A32F01743EBD40093FAC4 /* ttDealOffer.m in Sources */ = {isa = PBXBuildFile; fileRef = 919A32EE1743EBD40093FAC4 /* ttDealOffer.m */; };
		91CC60CA16F5354100647AEC /* ttToken.h in Headers */ = {isa = PBXBuildFile; fileRef = 91CC60C816F5354000647AEC /* ttToken.h */; settings = {ATTRIBUTES = (Public, ); }; };
		91CC60CB16F5354100647AEC /* ttToken.m in Sources */ = {isa = PBXBuildFile; fileRef = 91CC60C916F5354100647AEC /* ttToken.m */; };
		91CC60D216F57CD900647AEC /* TaloolHTTPClient.h in Headers */ = {isa = PBXBuildFile; fileRef = 91CC60D016F57CD900647AEC /* TaloolHTTPClient.h */; };
		91CC60D316F57CD900647AEC /* TaloolHTTPClient.m in Sources */ = {isa = PBXBuildFile; fileRef = 91CC60D116F57CD900647AEC /* TaloolHTTPClient.m */; };
		91CC610D16FB5A9400647AEC /* CoreData.framework in Frameworks */ = {isa = PBXBuildFile; fileRef = 91CC610C16FB5A9400647AEC /* CoreData.framework */; };
		91F546AE16F16EC400BEFF91 /* ttSocialAccount.h in Headers */ = {isa = PBXBuildFile; fileRef = 91F546AC16F16EC400BEFF91 /* ttSocialAccount.h */; settings = {ATTRIBUTES = (Public, ); }; };
		91F546AF16F16EC400BEFF91 /* ttSocialAccount.m in Sources */ = {isa = PBXBuildFile; fileRef = 91F546AD16F16EC400BEFF91 /* ttSocialAccount.m */; };
		91F546B216F16EEA00BEFF91 /* ttSocialNetworkDetail.h in Headers */ = {isa = PBXBuildFile; fileRef = 91F546B016F16EEA00BEFF91 /* ttSocialNetworkDetail.h */; settings = {ATTRIBUTES = (Public, ); }; };
		91F546B316F16EEA00BEFF91 /* ttSocialNetworkDetail.m in Sources */ = {isa = PBXBuildFile; fileRef = 91F546B116F16EEA00BEFF91 /* ttSocialNetworkDetail.m */; };
		91F7D6CB16ED78F400D64C19 /* TaloolFrameworkHelper.h in Headers */ = {isa = PBXBuildFile; fileRef = 91F7D6C716ED78F400D64C19 /* TaloolFrameworkHelper.h */; settings = {ATTRIBUTES = (Public, ); }; };
		91F7D6CC16ED78F400D64C19 /* TaloolFrameworkHelper.m in Sources */ = {isa = PBXBuildFile; fileRef = 91F7D6C816ED78F400D64C19 /* TaloolFrameworkHelper.m */; };
		91F7D6CD16ED78F400D64C19 /* ttDeal.h in Headers */ = {isa = PBXBuildFile; fileRef = 91F7D6C916ED78F400D64C19 /* ttDeal.h */; settings = {ATTRIBUTES = (Public, ); }; };
		91F7D6CE16ED78F400D64C19 /* ttDeal.m in Sources */ = {isa = PBXBuildFile; fileRef = 91F7D6CA16ED78F400D64C19 /* ttDeal.m */; };
/* End PBXBuildFile section */

/* Begin PBXContainerItemProxy section */
		916148BD16EBCEA2001C546C /* PBXContainerItemProxy */ = {
			isa = PBXContainerItemProxy;
			containerPortal = 914A1ADC16E6ECAC0043989A /* Project object */;
			proxyType = 1;
			remoteGlobalIDString = 914A1AE316E6ECAC0043989A;
			remoteInfo = "talool-api-ios";
		};
		916148BF16EBCEA6001C546C /* PBXContainerItemProxy */ = {
			isa = PBXContainerItemProxy;
			containerPortal = 914A1ADC16E6ECAC0043989A /* Project object */;
			proxyType = 1;
			remoteGlobalIDString = 916148A916EBC9E1001C546C;
			remoteInfo = TaloolAPIResources;
		};
		916148C316EBDDFA001C546C /* PBXContainerItemProxy */ = {
			isa = PBXContainerItemProxy;
			containerPortal = 914A1ADC16E6ECAC0043989A /* Project object */;
			proxyType = 1;
			remoteGlobalIDString = 914A1AF416E6ECAD0043989A;
			remoteInfo = "talool-api-iosTests";
		};
		91CC610A16FA023100647AEC /* PBXContainerItemProxy */ = {
			isa = PBXContainerItemProxy;
			containerPortal = 914A1ADC16E6ECAC0043989A /* Project object */;
			proxyType = 1;
			remoteGlobalIDString = 914A1AE316E6ECAC0043989A;
			remoteInfo = "talool-api-ios";
		};
/* End PBXContainerItemProxy section */

/* Begin PBXCopyFilesBuildPhase section */
		914A1AE216E6ECAC0043989A /* CopyFiles */ = {
			isa = PBXCopyFilesBuildPhase;
			buildActionMask = 2147483647;
			dstPath = "include/${PRODUCT_NAME}";
			dstSubfolderSpec = 16;
			files = (
				914A1AED16E6ECAD0043989A /* talool_api_ios.h in CopyFiles */,
			);
			runOnlyForDeploymentPostprocessing = 0;
		};
/* End PBXCopyFilesBuildPhase section */

/* Begin PBXFileReference section */
		811A9CC4175FFD0700B42612 /* TaloolCustomerUX.h */ = {isa = PBXFileReference; fileEncoding = 4; lastKnownFileType = sourcecode.c.h; path = TaloolCustomerUX.h; sourceTree = "<group>"; };
		811A9CC5175FFD0700B42612 /* TaloolCustomerUX.m */ = {isa = PBXFileReference; fileEncoding = 4; lastKnownFileType = sourcecode.c.objc; path = TaloolCustomerUX.m; sourceTree = "<group>"; };
		811A9CDA1760368C00B42612 /* TaloolDeal.h */ = {isa = PBXFileReference; fileEncoding = 4; lastKnownFileType = sourcecode.c.h; path = TaloolDeal.h; sourceTree = "<group>"; };
		811A9CDB1760368C00B42612 /* TaloolDeal.m */ = {isa = PBXFileReference; fileEncoding = 4; lastKnownFileType = sourcecode.c.objc; path = TaloolDeal.m; sourceTree = "<group>"; };
		8145C4441778C81C00880294 /* Talool02.xcdatamodel */ = {isa = PBXFileReference; lastKnownFileType = wrapper.xcdatamodel; path = Talool02.xcdatamodel; sourceTree = "<group>"; };
		8145C4451778C81C00880294 /* Talool01.xcdatamodel */ = {isa = PBXFileReference; lastKnownFileType = wrapper.xcdatamodel; path = Talool01.xcdatamodel; sourceTree = "<group>"; };
		81510D65175EF3DC002A869A /* SocialAccount.h */ = {isa = PBXFileReference; fileEncoding = 4; lastKnownFileType = sourcecode.c.h; path = SocialAccount.h; sourceTree = "<group>"; };
		81510D66175EF3DC002A869A /* SocialAccount.m */ = {isa = PBXFileReference; fileEncoding = 4; lastKnownFileType = sourcecode.c.objc; path = SocialAccount.m; sourceTree = "<group>"; };
		81510D79175EF44D002A869A /* ttGift.h */ = {isa = PBXFileReference; fileEncoding = 4; lastKnownFileType = sourcecode.c.h; path = ttGift.h; sourceTree = "<group>"; };
		81510D7A175EF44D002A869A /* ttGift.m */ = {isa = PBXFileReference; fileEncoding = 4; lastKnownFileType = sourcecode.c.objc; path = ttGift.m; sourceTree = "<group>"; };
		819FA92D177B702E006A819B /* Activity.h */ = {isa = PBXFileReference; fileEncoding = 4; lastKnownFileType = sourcecode.c.h; path = Activity.h; sourceTree = "<group>"; };
		819FA92E177B702E006A819B /* Activity.m */ = {isa = PBXFileReference; fileEncoding = 4; lastKnownFileType = sourcecode.c.objc; path = Activity.m; sourceTree = "<group>"; };
		819FA92F177B702E006A819B /* Core.h */ = {isa = PBXFileReference; fileEncoding = 4; lastKnownFileType = sourcecode.c.h; path = Core.h; sourceTree = "<group>"; };
		819FA930177B702E006A819B /* Core.m */ = {isa = PBXFileReference; fileEncoding = 4; lastKnownFileType = sourcecode.c.objc; path = Core.m; sourceTree = "<group>"; };
		819FA931177B702E006A819B /* CustomerService.h */ = {isa = PBXFileReference; fileEncoding = 4; lastKnownFileType = sourcecode.c.h; path = CustomerService.h; sourceTree = "<group>"; };
		819FA932177B702E006A819B /* CustomerService.m */ = {isa = PBXFileReference; fileEncoding = 4; lastKnownFileType = sourcecode.c.objc; path = CustomerService.m; sourceTree = "<group>"; };
		819FA939177B717E006A819B /* Talool.xcdatamodel */ = {isa = PBXFileReference; lastKnownFileType = wrapper.xcdatamodel; path = Talool.xcdatamodel; sourceTree = "<group>"; };
		819FA93A177B7954006A819B /* TaloolActivity.h */ = {isa = PBXFileReference; fileEncoding = 4; lastKnownFileType = sourcecode.c.h; path = TaloolActivity.h; sourceTree = "<group>"; };
		819FA93B177B7954006A819B /* TaloolActivity.m */ = {isa = PBXFileReference; fileEncoding = 4; lastKnownFileType = sourcecode.c.objc; path = TaloolActivity.m; sourceTree = "<group>"; };
		819FA93E177B7954006A819B /* TaloolActivityLink.h */ = {isa = PBXFileReference; fileEncoding = 4; lastKnownFileType = sourcecode.c.h; path = TaloolActivityLink.h; sourceTree = "<group>"; };
		819FA93F177B7954006A819B /* TaloolActivityLink.m */ = {isa = PBXFileReference; fileEncoding = 4; lastKnownFileType = sourcecode.c.objc; path = TaloolActivityLink.m; sourceTree = "<group>"; };
		819FA942177B7980006A819B /* ttActivity.h */ = {isa = PBXFileReference; fileEncoding = 4; lastKnownFileType = sourcecode.c.h; path = ttActivity.h; sourceTree = "<group>"; };
		819FA943177B7980006A819B /* ttActivity.m */ = {isa = PBXFileReference; fileEncoding = 4; lastKnownFileType = sourcecode.c.objc; path = ttActivity.m; sourceTree = "<group>"; };
		819FA946177B79B8006A819B /* ttActivityLink.h */ = {isa = PBXFileReference; fileEncoding = 4; lastKnownFileType = sourcecode.c.h; path = ttActivityLink.h; sourceTree = "<group>"; };
		819FA947177B79B8006A819B /* ttActivityLink.m */ = {isa = PBXFileReference; fileEncoding = 4; lastKnownFileType = sourcecode.c.objc; path = ttActivityLink.m; sourceTree = "<group>"; };
		81FF00DD17611CF40040E1F6 /* TaloolCustomer.h */ = {isa = PBXFileReference; fileEncoding = 4; lastKnownFileType = sourcecode.c.h; path = TaloolCustomer.h; sourceTree = "<group>"; };
		81FF00DE17611CF40040E1F6 /* TaloolCustomer.m */ = {isa = PBXFileReference; fileEncoding = 4; lastKnownFileType = sourcecode.c.objc; path = TaloolCustomer.m; sourceTree = "<group>"; };
		81FF00E117611CF50040E1F6 /* TaloolDealAcquire.h */ = {isa = PBXFileReference; fileEncoding = 4; lastKnownFileType = sourcecode.c.h; path = TaloolDealAcquire.h; sourceTree = "<group>"; };
		81FF00E217611CF50040E1F6 /* TaloolDealAcquire.m */ = {isa = PBXFileReference; fileEncoding = 4; lastKnownFileType = sourcecode.c.objc; path = TaloolDealAcquire.m; sourceTree = "<group>"; };
		81FF00E517611CF50040E1F6 /* Friend.h */ = {isa = PBXFileReference; fileEncoding = 4; lastKnownFileType = sourcecode.c.h; path = Friend.h; sourceTree = "<group>"; };
		81FF00E617611CF50040E1F6 /* Friend.m */ = {isa = PBXFileReference; fileEncoding = 4; lastKnownFileType = sourcecode.c.objc; path = Friend.m; sourceTree = "<group>"; };
		81FF00E917611CF50040E1F6 /* TaloolGift.h */ = {isa = PBXFileReference; fileEncoding = 4; lastKnownFileType = sourcecode.c.h; path = TaloolGift.h; sourceTree = "<group>"; };
		81FF00EA17611CF50040E1F6 /* TaloolGift.m */ = {isa = PBXFileReference; fileEncoding = 4; lastKnownFileType = sourcecode.c.objc; path = TaloolGift.m; sourceTree = "<group>"; };
		81FF00ED17611CF50040E1F6 /* TaloolToken.h */ = {isa = PBXFileReference; fileEncoding = 4; lastKnownFileType = sourcecode.c.h; path = TaloolToken.h; sourceTree = "<group>"; };
		81FF00EE17611CF50040E1F6 /* TaloolToken.m */ = {isa = PBXFileReference; fileEncoding = 4; lastKnownFileType = sourcecode.c.objc; path = TaloolToken.m; sourceTree = "<group>"; };
		81FF00F117611D860040E1F6 /* ttFriend.h */ = {isa = PBXFileReference; fileEncoding = 4; lastKnownFileType = sourcecode.c.h; path = ttFriend.h; sourceTree = "<group>"; };
		81FF00F217611D860040E1F6 /* ttFriend.m */ = {isa = PBXFileReference; fileEncoding = 4; lastKnownFileType = sourcecode.c.objc; path = ttFriend.m; sourceTree = "<group>"; };
		91490D561747293800622A85 /* TaloolMerchantLocation.h */ = {isa = PBXFileReference; fileEncoding = 4; lastKnownFileType = sourcecode.c.h; path = TaloolMerchantLocation.h; sourceTree = "<group>"; };
		91490D571747293800622A85 /* TaloolMerchantLocation.m */ = {isa = PBXFileReference; fileEncoding = 4; lastKnownFileType = sourcecode.c.objc; path = TaloolMerchantLocation.m; sourceTree = "<group>"; };
		91490D5C17472A4C00622A85 /* ttCategory.h */ = {isa = PBXFileReference; fileEncoding = 4; lastKnownFileType = sourcecode.c.h; path = ttCategory.h; sourceTree = "<group>"; };
		91490D5D17472A4C00622A85 /* ttCategory.m */ = {isa = PBXFileReference; fileEncoding = 4; lastKnownFileType = sourcecode.c.objc; path = ttCategory.m; sourceTree = "<group>"; };
		91490D7017473D9100622A85 /* TaloolCategory.h */ = {isa = PBXFileReference; fileEncoding = 4; lastKnownFileType = sourcecode.c.h; path = TaloolCategory.h; sourceTree = "<group>"; };
		91490D7117473D9100622A85 /* TaloolCategory.m */ = {isa = PBXFileReference; fileEncoding = 4; lastKnownFileType = sourcecode.c.objc; path = TaloolCategory.m; sourceTree = "<group>"; };
		91490D7417473D9300622A85 /* TaloolMerchant.h */ = {isa = PBXFileReference; fileEncoding = 4; lastKnownFileType = sourcecode.c.h; path = TaloolMerchant.h; sourceTree = "<group>"; };
		91490D7517473D9300622A85 /* TaloolMerchant.m */ = {isa = PBXFileReference; fileEncoding = 4; lastKnownFileType = sourcecode.c.objc; path = TaloolMerchant.m; sourceTree = "<group>"; };
		914A1AE416E6ECAC0043989A /* libtalool-api-ios.a */ = {isa = PBXFileReference; explicitFileType = archive.ar; includeInIndex = 0; path = "libtalool-api-ios.a"; sourceTree = BUILT_PRODUCTS_DIR; };
		914A1AE716E6ECAD0043989A /* Foundation.framework */ = {isa = PBXFileReference; lastKnownFileType = wrapper.framework; name = Foundation.framework; path = System/Library/Frameworks/Foundation.framework; sourceTree = SDKROOT; };
		914A1AEB16E6ECAD0043989A /* talool-api-ios-Prefix.pch */ = {isa = PBXFileReference; lastKnownFileType = sourcecode.c.h; path = "talool-api-ios-Prefix.pch"; sourceTree = "<group>"; };
		914A1AEC16E6ECAD0043989A /* talool_api_ios.h */ = {isa = PBXFileReference; lastKnownFileType = sourcecode.c.h; path = talool_api_ios.h; sourceTree = "<group>"; };
		914A1AF516E6ECAD0043989A /* talool-api-iosTests.octest */ = {isa = PBXFileReference; explicitFileType = wrapper.cfbundle; includeInIndex = 0; path = "talool-api-iosTests.octest"; sourceTree = BUILT_PRODUCTS_DIR; };
		914A1AF616E6ECAD0043989A /* SenTestingKit.framework */ = {isa = PBXFileReference; lastKnownFileType = wrapper.framework; name = SenTestingKit.framework; path = Library/Frameworks/SenTestingKit.framework; sourceTree = DEVELOPER_DIR; };
		914A1AF816E6ECAD0043989A /* UIKit.framework */ = {isa = PBXFileReference; lastKnownFileType = wrapper.framework; name = UIKit.framework; path = Library/Frameworks/UIKit.framework; sourceTree = DEVELOPER_DIR; };
		914A1B0016E6ECAD0043989A /* talool-api-iosTests-Info.plist */ = {isa = PBXFileReference; lastKnownFileType = text.plist.xml; path = "talool-api-iosTests-Info.plist"; sourceTree = "<group>"; };
		914A1B0216E6ECAD0043989A /* en */ = {isa = PBXFileReference; lastKnownFileType = text.plist.strings; name = en; path = en.lproj/InfoPlist.strings; sourceTree = "<group>"; };
		914A1B0416E6ECAD0043989A /* talool_api_iosTests.h */ = {isa = PBXFileReference; lastKnownFileType = sourcecode.c.h; path = talool_api_iosTests.h; sourceTree = "<group>"; };
		914A1B0516E6ECAD0043989A /* talool_api_iosTests.m */ = {isa = PBXFileReference; lastKnownFileType = sourcecode.c.objc; path = talool_api_iosTests.m; sourceTree = "<group>"; };
		914A1B1616E6ED390043989A /* ttCustomer.h */ = {isa = PBXFileReference; fileEncoding = 4; lastKnownFileType = sourcecode.c.h; path = ttCustomer.h; sourceTree = "<group>"; };
		914A1B1716E6ED390043989A /* ttCustomer.m */ = {isa = PBXFileReference; fileEncoding = 4; lastKnownFileType = sourcecode.c.objc; path = ttCustomer.m; sourceTree = "<group>"; };
		914A1B1816E6ED390043989A /* ttAddress.h */ = {isa = PBXFileReference; fileEncoding = 4; lastKnownFileType = sourcecode.c.h; path = ttAddress.h; sourceTree = "<group>"; };
		914A1B1916E6ED390043989A /* ttAddress.m */ = {isa = PBXFileReference; fileEncoding = 4; lastKnownFileType = sourcecode.c.objc; path = ttAddress.m; sourceTree = "<group>"; };
		914A1B1A16E6ED390043989A /* ttMerchant.h */ = {isa = PBXFileReference; fileEncoding = 4; lastKnownFileType = sourcecode.c.h; path = ttMerchant.h; sourceTree = "<group>"; };
		914A1B1B16E6ED390043989A /* ttMerchant.m */ = {isa = PBXFileReference; fileEncoding = 4; lastKnownFileType = sourcecode.c.objc; path = ttMerchant.m; sourceTree = "<group>"; };
		914A1B1D16E6ED390043989A /* MerchantController.h */ = {isa = PBXFileReference; fileEncoding = 4; lastKnownFileType = sourcecode.c.h; path = MerchantController.h; sourceTree = "<group>"; };
		914A1B1E16E6ED390043989A /* MerchantController.m */ = {isa = PBXFileReference; fileEncoding = 4; lastKnownFileType = sourcecode.c.objc; path = MerchantController.m; sourceTree = "<group>"; };
		914A1B1F16E6ED390043989A /* CustomerController.h */ = {isa = PBXFileReference; fileEncoding = 4; lastKnownFileType = sourcecode.c.h; path = CustomerController.h; sourceTree = "<group>"; };
		914A1B2016E6ED390043989A /* CustomerController.m */ = {isa = PBXFileReference; fileEncoding = 4; lastKnownFileType = sourcecode.c.objc; path = CustomerController.m; sourceTree = "<group>"; };
		914A1B2C16E6ED9B0043989A /* TBinaryProtocol.h */ = {isa = PBXFileReference; fileEncoding = 4; lastKnownFileType = sourcecode.c.h; path = TBinaryProtocol.h; sourceTree = "<group>"; };
		914A1B2D16E6ED9B0043989A /* TBinaryProtocol.m */ = {isa = PBXFileReference; fileEncoding = 4; lastKnownFileType = sourcecode.c.objc; path = TBinaryProtocol.m; sourceTree = "<group>"; };
		914A1B2E16E6ED9B0043989A /* TProtocol.h */ = {isa = PBXFileReference; fileEncoding = 4; lastKnownFileType = sourcecode.c.h; path = TProtocol.h; sourceTree = "<group>"; };
		914A1B2F16E6ED9B0043989A /* TProtocolException.h */ = {isa = PBXFileReference; fileEncoding = 4; lastKnownFileType = sourcecode.c.h; path = TProtocolException.h; sourceTree = "<group>"; };
		914A1B3016E6ED9B0043989A /* TProtocolException.m */ = {isa = PBXFileReference; fileEncoding = 4; lastKnownFileType = sourcecode.c.objc; path = TProtocolException.m; sourceTree = "<group>"; };
		914A1B3116E6ED9B0043989A /* TProtocolFactory.h */ = {isa = PBXFileReference; fileEncoding = 4; lastKnownFileType = sourcecode.c.h; path = TProtocolFactory.h; sourceTree = "<group>"; };
		914A1B3216E6ED9B0043989A /* TProtocolUtil.h */ = {isa = PBXFileReference; fileEncoding = 4; lastKnownFileType = sourcecode.c.h; path = TProtocolUtil.h; sourceTree = "<group>"; };
		914A1B3316E6ED9B0043989A /* TProtocolUtil.m */ = {isa = PBXFileReference; fileEncoding = 4; lastKnownFileType = sourcecode.c.objc; path = TProtocolUtil.m; sourceTree = "<group>"; };
		914A1B3416E6ED9B0043989A /* TSocketServer.h */ = {isa = PBXFileReference; fileEncoding = 4; lastKnownFileType = sourcecode.c.h; path = TSocketServer.h; sourceTree = "<group>"; };
		914A1B3516E6ED9B0043989A /* TSocketServer.m */ = {isa = PBXFileReference; fileEncoding = 4; lastKnownFileType = sourcecode.c.objc; path = TSocketServer.m; sourceTree = "<group>"; };
		914A1B3616E6ED9B0043989A /* TApplicationException.h */ = {isa = PBXFileReference; fileEncoding = 4; lastKnownFileType = sourcecode.c.h; path = TApplicationException.h; sourceTree = "<group>"; };
		914A1B3716E6ED9B0043989A /* TApplicationException.m */ = {isa = PBXFileReference; fileEncoding = 4; lastKnownFileType = sourcecode.c.objc; path = TApplicationException.m; sourceTree = "<group>"; };
		914A1B3816E6ED9B0043989A /* TException.h */ = {isa = PBXFileReference; fileEncoding = 4; lastKnownFileType = sourcecode.c.h; path = TException.h; sourceTree = "<group>"; };
		914A1B3916E6ED9B0043989A /* TException.m */ = {isa = PBXFileReference; fileEncoding = 4; lastKnownFileType = sourcecode.c.objc; path = TException.m; sourceTree = "<group>"; };
		914A1B3A16E6ED9B0043989A /* TObjective-C.h */ = {isa = PBXFileReference; fileEncoding = 4; lastKnownFileType = sourcecode.c.h; path = "TObjective-C.h"; sourceTree = "<group>"; };
		914A1B3B16E6ED9B0043989A /* TProcessor.h */ = {isa = PBXFileReference; fileEncoding = 4; lastKnownFileType = sourcecode.c.h; path = TProcessor.h; sourceTree = "<group>"; };
		914A1B3C16E6ED9B0043989A /* TProcessorFactory.h */ = {isa = PBXFileReference; fileEncoding = 4; lastKnownFileType = sourcecode.c.h; path = TProcessorFactory.h; sourceTree = "<group>"; };
		914A1B3D16E6ED9B0043989A /* THTTPClient.h */ = {isa = PBXFileReference; fileEncoding = 4; lastKnownFileType = sourcecode.c.h; path = THTTPClient.h; sourceTree = "<group>"; };
		914A1B3E16E6ED9B0043989A /* THTTPClient.m */ = {isa = PBXFileReference; fileEncoding = 4; lastKnownFileType = sourcecode.c.objc; path = THTTPClient.m; sourceTree = "<group>"; };
		914A1B3F16E6ED9B0043989A /* TMemoryBuffer.h */ = {isa = PBXFileReference; fileEncoding = 4; lastKnownFileType = sourcecode.c.h; path = TMemoryBuffer.h; sourceTree = "<group>"; };
		914A1B4016E6ED9B0043989A /* TMemoryBuffer.m */ = {isa = PBXFileReference; fileEncoding = 4; lastKnownFileType = sourcecode.c.objc; path = TMemoryBuffer.m; sourceTree = "<group>"; };
		914A1B4116E6ED9B0043989A /* TNSFileHandleTransport.h */ = {isa = PBXFileReference; fileEncoding = 4; lastKnownFileType = sourcecode.c.h; path = TNSFileHandleTransport.h; sourceTree = "<group>"; };
		914A1B4216E6ED9B0043989A /* TNSFileHandleTransport.m */ = {isa = PBXFileReference; fileEncoding = 4; lastKnownFileType = sourcecode.c.objc; path = TNSFileHandleTransport.m; sourceTree = "<group>"; };
		914A1B4316E6ED9B0043989A /* TNSStreamTransport.h */ = {isa = PBXFileReference; fileEncoding = 4; lastKnownFileType = sourcecode.c.h; path = TNSStreamTransport.h; sourceTree = "<group>"; };
		914A1B4416E6ED9B0043989A /* TNSStreamTransport.m */ = {isa = PBXFileReference; fileEncoding = 4; lastKnownFileType = sourcecode.c.objc; path = TNSStreamTransport.m; sourceTree = "<group>"; };
		914A1B4516E6ED9B0043989A /* TSocketClient.h */ = {isa = PBXFileReference; fileEncoding = 4; lastKnownFileType = sourcecode.c.h; path = TSocketClient.h; sourceTree = "<group>"; };
		914A1B4616E6ED9B0043989A /* TSocketClient.m */ = {isa = PBXFileReference; fileEncoding = 4; lastKnownFileType = sourcecode.c.objc; path = TSocketClient.m; sourceTree = "<group>"; };
		914A1B4716E6ED9B0043989A /* TTransport.h */ = {isa = PBXFileReference; fileEncoding = 4; lastKnownFileType = sourcecode.c.h; path = TTransport.h; sourceTree = "<group>"; };
		914A1B4816E6ED9B0043989A /* TTransportException.h */ = {isa = PBXFileReference; fileEncoding = 4; lastKnownFileType = sourcecode.c.h; path = TTransportException.h; sourceTree = "<group>"; };
		914A1B4916E6ED9B0043989A /* TTransportException.m */ = {isa = PBXFileReference; fileEncoding = 4; lastKnownFileType = sourcecode.c.objc; path = TTransportException.m; sourceTree = "<group>"; };
		914A1B4A16E6ED9B0043989A /* TSharedProcessorFactory.h */ = {isa = PBXFileReference; fileEncoding = 4; lastKnownFileType = sourcecode.c.h; path = TSharedProcessorFactory.h; sourceTree = "<group>"; };
		914A1B4B16E6ED9B0043989A /* TSharedProcessorFactory.m */ = {isa = PBXFileReference; fileEncoding = 4; lastKnownFileType = sourcecode.c.objc; path = TSharedProcessorFactory.m; sourceTree = "<group>"; };
		9161489116EBA743001C546C /* TaloolPersistentStoreCoordinator.h */ = {isa = PBXFileReference; fileEncoding = 4; lastKnownFileType = sourcecode.c.h; path = TaloolPersistentStoreCoordinator.h; sourceTree = "<group>"; };
		9161489216EBA743001C546C /* TaloolPersistentStoreCoordinator.m */ = {isa = PBXFileReference; fileEncoding = 4; lastKnownFileType = sourcecode.c.objc; path = TaloolPersistentStoreCoordinator.m; sourceTree = "<group>"; };
		9161489A16EBC99C001C546C /* CoreFoundation.framework */ = {isa = PBXFileReference; lastKnownFileType = wrapper.framework; name = CoreFoundation.framework; path = System/Library/Frameworks/CoreFoundation.framework; sourceTree = SDKROOT; };
		9161489E16EBC99D001C546C /* TaloolAPIResources-Info.plist */ = {isa = PBXFileReference; lastKnownFileType = text.plist.xml; path = "TaloolAPIResources-Info.plist"; sourceTree = "<group>"; };
		916148A016EBC99D001C546C /* en */ = {isa = PBXFileReference; lastKnownFileType = text.plist.strings; name = en; path = en.lproj/InfoPlist.strings; sourceTree = "<group>"; };
		916148A216EBC99D001C546C /* TaloolAPIResources-Prefix.pch */ = {isa = PBXFileReference; lastKnownFileType = sourcecode.c.h; path = "TaloolAPIResources-Prefix.pch"; sourceTree = "<group>"; };
		916148AA16EBC9E1001C546C /* talool-api-ios.bundle */ = {isa = PBXFileReference; explicitFileType = wrapper.cfbundle; includeInIndex = 0; path = "talool-api-ios.bundle"; sourceTree = BUILT_PRODUCTS_DIR; };
		916148AE16EBC9E1001C546C /* TaloolAPIResources-Info.plist */ = {isa = PBXFileReference; lastKnownFileType = text.plist.xml; path = "TaloolAPIResources-Info.plist"; sourceTree = "<group>"; };
		916148B016EBC9E1001C546C /* en */ = {isa = PBXFileReference; lastKnownFileType = text.plist.strings; name = en; path = en.lproj/InfoPlist.strings; sourceTree = "<group>"; };
		916148B216EBC9E1001C546C /* TaloolAPIResources-Prefix.pch */ = {isa = PBXFileReference; lastKnownFileType = sourcecode.c.h; path = "TaloolAPIResources-Prefix.pch"; sourceTree = "<group>"; };
		9179A9F71725A68C0082DB62 /* ttMerchantLocation.h */ = {isa = PBXFileReference; fileEncoding = 4; lastKnownFileType = sourcecode.c.h; path = ttMerchantLocation.h; sourceTree = "<group>"; };
		9179A9F81725A68C0082DB62 /* ttMerchantLocation.m */ = {isa = PBXFileReference; fileEncoding = 4; lastKnownFileType = sourcecode.c.objc; path = ttMerchantLocation.m; sourceTree = "<group>"; };
		9179A9FB1725A6B80082DB62 /* ttDealAcquire.h */ = {isa = PBXFileReference; fileEncoding = 4; lastKnownFileType = sourcecode.c.h; path = ttDealAcquire.h; sourceTree = "<group>"; };
		9179A9FC1725A6B80082DB62 /* ttDealAcquire.m */ = {isa = PBXFileReference; fileEncoding = 4; lastKnownFileType = sourcecode.c.objc; path = ttDealAcquire.m; sourceTree = "<group>"; };
		9179AA581728225A0082DB62 /* SocialNetworkDetail.h */ = {isa = PBXFileReference; fileEncoding = 4; lastKnownFileType = sourcecode.c.h; path = SocialNetworkDetail.h; sourceTree = "<group>"; };
		9179AA591728225A0082DB62 /* SocialNetworkDetail.m */ = {isa = PBXFileReference; fileEncoding = 4; lastKnownFileType = sourcecode.c.objc; path = SocialNetworkDetail.m; sourceTree = "<group>"; };
		9179AA5C1728225D0082DB62 /* TaloolSearchOptions.h */ = {isa = PBXFileReference; fileEncoding = 4; lastKnownFileType = sourcecode.c.h; path = TaloolSearchOptions.h; sourceTree = "<group>"; };
		9179AA5D1728225D0082DB62 /* TaloolSearchOptions.m */ = {isa = PBXFileReference; fileEncoding = 4; lastKnownFileType = sourcecode.c.objc; path = TaloolSearchOptions.m; sourceTree = "<group>"; };
		917CBE2A17454D4F00383EA1 /* TaloolAddress.h */ = {isa = PBXFileReference; fileEncoding = 4; lastKnownFileType = sourcecode.c.h; path = TaloolAddress.h; sourceTree = "<group>"; };
		917CBE2B17454D4F00383EA1 /* TaloolAddress.m */ = {isa = PBXFileReference; fileEncoding = 4; lastKnownFileType = sourcecode.c.objc; path = TaloolAddress.m; sourceTree = "<group>"; };
		917CBE3217454D5000383EA1 /* TaloolLocation.h */ = {isa = PBXFileReference; fileEncoding = 4; lastKnownFileType = sourcecode.c.h; path = TaloolLocation.h; sourceTree = "<group>"; };
		917CBE3317454D5000383EA1 /* TaloolLocation.m */ = {isa = PBXFileReference; fileEncoding = 4; lastKnownFileType = sourcecode.c.objc; path = TaloolLocation.m; sourceTree = "<group>"; };
		917CBE42174550E400383EA1 /* ttLocation.h */ = {isa = PBXFileReference; fileEncoding = 4; lastKnownFileType = sourcecode.c.h; path = ttLocation.h; sourceTree = "<group>"; };
		917CBE43174550E400383EA1 /* ttLocation.m */ = {isa = PBXFileReference; fileEncoding = 4; lastKnownFileType = sourcecode.c.objc; path = ttLocation.m; sourceTree = "<group>"; };
		91866B56174BEEFD00083260 /* APIErrorManager.h */ = {isa = PBXFileReference; fileEncoding = 4; lastKnownFileType = sourcecode.c.h; path = APIErrorManager.h; sourceTree = "<group>"; };
		91866B57174BEEFF00083260 /* APIErrorManager.m */ = {isa = PBXFileReference; fileEncoding = 4; lastKnownFileType = sourcecode.c.objc; path = APIErrorManager.m; sourceTree = "<group>"; };
		91866B5B174C156800083260 /* TaloolErrorHandler.h */ = {isa = PBXFileReference; fileEncoding = 4; lastKnownFileType = sourcecode.c.h; path = TaloolErrorHandler.h; sourceTree = "<group>"; };
		91866B5C174C156900083260 /* TaloolErrorHandler.m */ = {isa = PBXFileReference; fileEncoding = 4; lastKnownFileType = sourcecode.c.objc; path = TaloolErrorHandler.m; sourceTree = "<group>"; };
		919A32E91743EB540093FAC4 /* TaloolDealOffer.h */ = {isa = PBXFileReference; fileEncoding = 4; lastKnownFileType = sourcecode.c.h; path = TaloolDealOffer.h; sourceTree = "<group>"; };
		919A32EA1743EB540093FAC4 /* TaloolDealOffer.m */ = {isa = PBXFileReference; fileEncoding = 4; lastKnownFileType = sourcecode.c.objc; path = TaloolDealOffer.m; sourceTree = "<group>"; };
		919A32ED1743EBD40093FAC4 /* ttDealOffer.h */ = {isa = PBXFileReference; fileEncoding = 4; lastKnownFileType = sourcecode.c.h; path = ttDealOffer.h; sourceTree = "<group>"; };
		919A32EE1743EBD40093FAC4 /* ttDealOffer.m */ = {isa = PBXFileReference; fileEncoding = 4; lastKnownFileType = sourcecode.c.objc; path = ttDealOffer.m; sourceTree = "<group>"; };
		91CC60C816F5354000647AEC /* ttToken.h */ = {isa = PBXFileReference; fileEncoding = 4; lastKnownFileType = sourcecode.c.h; path = ttToken.h; sourceTree = "<group>"; };
		91CC60C916F5354100647AEC /* ttToken.m */ = {isa = PBXFileReference; fileEncoding = 4; lastKnownFileType = sourcecode.c.objc; path = ttToken.m; sourceTree = "<group>"; };
		91CC60D016F57CD900647AEC /* TaloolHTTPClient.h */ = {isa = PBXFileReference; fileEncoding = 4; lastKnownFileType = sourcecode.c.h; path = TaloolHTTPClient.h; sourceTree = "<group>"; };
		91CC60D116F57CD900647AEC /* TaloolHTTPClient.m */ = {isa = PBXFileReference; fileEncoding = 4; lastKnownFileType = sourcecode.c.objc; path = TaloolHTTPClient.m; sourceTree = "<group>"; };
		91CC610C16FB5A9400647AEC /* CoreData.framework */ = {isa = PBXFileReference; lastKnownFileType = wrapper.framework; name = CoreData.framework; path = System/Library/Frameworks/CoreData.framework; sourceTree = SDKROOT; };
		91F546AC16F16EC400BEFF91 /* ttSocialAccount.h */ = {isa = PBXFileReference; fileEncoding = 4; lastKnownFileType = sourcecode.c.h; path = ttSocialAccount.h; sourceTree = "<group>"; };
		91F546AD16F16EC400BEFF91 /* ttSocialAccount.m */ = {isa = PBXFileReference; fileEncoding = 4; lastKnownFileType = sourcecode.c.objc; path = ttSocialAccount.m; sourceTree = "<group>"; };
		91F546B016F16EEA00BEFF91 /* ttSocialNetworkDetail.h */ = {isa = PBXFileReference; fileEncoding = 4; lastKnownFileType = sourcecode.c.h; path = ttSocialNetworkDetail.h; sourceTree = "<group>"; };
		91F546B116F16EEA00BEFF91 /* ttSocialNetworkDetail.m */ = {isa = PBXFileReference; fileEncoding = 4; lastKnownFileType = sourcecode.c.objc; path = ttSocialNetworkDetail.m; sourceTree = "<group>"; };
		91F7D6C716ED78F400D64C19 /* TaloolFrameworkHelper.h */ = {isa = PBXFileReference; fileEncoding = 4; lastKnownFileType = sourcecode.c.h; path = TaloolFrameworkHelper.h; sourceTree = "<group>"; };
		91F7D6C816ED78F400D64C19 /* TaloolFrameworkHelper.m */ = {isa = PBXFileReference; fileEncoding = 4; lastKnownFileType = sourcecode.c.objc; path = TaloolFrameworkHelper.m; sourceTree = "<group>"; };
		91F7D6C916ED78F400D64C19 /* ttDeal.h */ = {isa = PBXFileReference; fileEncoding = 4; lastKnownFileType = sourcecode.c.h; path = ttDeal.h; sourceTree = "<group>"; };
		91F7D6CA16ED78F400D64C19 /* ttDeal.m */ = {isa = PBXFileReference; fileEncoding = 4; lastKnownFileType = sourcecode.c.objc; path = ttDeal.m; sourceTree = "<group>"; };
/* End PBXFileReference section */

/* Begin PBXFrameworksBuildPhase section */
		914A1AE116E6ECAC0043989A /* Frameworks */ = {
			isa = PBXFrameworksBuildPhase;
			buildActionMask = 2147483647;
			files = (
				914A1AE816E6ECAD0043989A /* Foundation.framework in Frameworks */,
			);
			runOnlyForDeploymentPostprocessing = 0;
		};
		914A1AF116E6ECAD0043989A /* Frameworks */ = {
			isa = PBXFrameworksBuildPhase;
			buildActionMask = 2147483647;
			files = (
				91CC610D16FB5A9400647AEC /* CoreData.framework in Frameworks */,
				914A1AF716E6ECAD0043989A /* SenTestingKit.framework in Frameworks */,
				914A1AF916E6ECAD0043989A /* UIKit.framework in Frameworks */,
				914A1AFA16E6ECAD0043989A /* Foundation.framework in Frameworks */,
				9175717F16F3DD75002ACB08 /* libtalool-api-ios.a in Frameworks */,
			);
			runOnlyForDeploymentPostprocessing = 0;
		};
		916148A716EBC9E1001C546C /* Frameworks */ = {
			isa = PBXFrameworksBuildPhase;
			buildActionMask = 2147483647;
			files = (
				916148AB16EBC9E1001C546C /* CoreFoundation.framework in Frameworks */,
			);
			runOnlyForDeploymentPostprocessing = 0;
		};
/* End PBXFrameworksBuildPhase section */

/* Begin PBXGroup section */
		914A1ADB16E6ECAC0043989A = {
			isa = PBXGroup;
			children = (
				914A1AE916E6ECAD0043989A /* talool-api-ios */,
				914A1AFE16E6ECAD0043989A /* talool-api-iosTests */,
				9161489C16EBC99C001C546C /* TaloolAPIResources */,
				916148AC16EBC9E1001C546C /* TaloolAPIResources */,
				914A1AE616E6ECAC0043989A /* Frameworks */,
				914A1AE516E6ECAC0043989A /* Products */,
			);
			sourceTree = "<group>";
		};
		914A1AE516E6ECAC0043989A /* Products */ = {
			isa = PBXGroup;
			children = (
				914A1AE416E6ECAC0043989A /* libtalool-api-ios.a */,
				914A1AF516E6ECAD0043989A /* talool-api-iosTests.octest */,
				916148AA16EBC9E1001C546C /* talool-api-ios.bundle */,
			);
			name = Products;
			sourceTree = "<group>";
		};
		914A1AE616E6ECAC0043989A /* Frameworks */ = {
			isa = PBXGroup;
			children = (
				91CC610C16FB5A9400647AEC /* CoreData.framework */,
				914A1AE716E6ECAD0043989A /* Foundation.framework */,
				914A1AF616E6ECAD0043989A /* SenTestingKit.framework */,
				914A1AF816E6ECAD0043989A /* UIKit.framework */,
				9161489A16EBC99C001C546C /* CoreFoundation.framework */,
			);
			name = Frameworks;
			sourceTree = "<group>";
		};
		914A1AE916E6ECAD0043989A /* talool-api-ios */ = {
			isa = PBXGroup;
			children = (
				914A1AEC16E6ECAD0043989A /* talool_api_ios.h */,
				9161489116EBA743001C546C /* TaloolPersistentStoreCoordinator.h */,
				9161489216EBA743001C546C /* TaloolPersistentStoreCoordinator.m */,
				91F7D6C716ED78F400D64C19 /* TaloolFrameworkHelper.h */,
				91F7D6C816ED78F400D64C19 /* TaloolFrameworkHelper.m */,
				914A1B5F16E6EE710043989A /* Managed Objects */,
				914A1B6116E6EEE10043989A /* Model Controllers */,
				914A1B5D16E6EDED0043989A /* thrift */,
				914A1AEA16E6ECAD0043989A /* Supporting Files */,
				91866B5A174BEF0E00083260 /* Errors */,
			);
			path = "talool-api-ios";
			sourceTree = "<group>";
		};
		914A1AEA16E6ECAD0043989A /* Supporting Files */ = {
			isa = PBXGroup;
			children = (
				914A1AEB16E6ECAD0043989A /* talool-api-ios-Prefix.pch */,
			);
			name = "Supporting Files";
			sourceTree = "<group>";
		};
		914A1AFE16E6ECAD0043989A /* talool-api-iosTests */ = {
			isa = PBXGroup;
			children = (
				914A1B0416E6ECAD0043989A /* talool_api_iosTests.h */,
				914A1B0516E6ECAD0043989A /* talool_api_iosTests.m */,
				914A1AFF16E6ECAD0043989A /* Supporting Files */,
			);
			path = "talool-api-iosTests";
			sourceTree = "<group>";
		};
		914A1AFF16E6ECAD0043989A /* Supporting Files */ = {
			isa = PBXGroup;
			children = (
				914A1B0016E6ECAD0043989A /* talool-api-iosTests-Info.plist */,
				914A1B0116E6ECAD0043989A /* InfoPlist.strings */,
			);
			name = "Supporting Files";
			sourceTree = "<group>";
		};
		914A1B5A16E6EDB60043989A /* gen-cocoa */ = {
			isa = PBXGroup;
			children = (
				819FA92D177B702E006A819B /* Activity.h */,
				819FA92E177B702E006A819B /* Activity.m */,
				819FA92F177B702E006A819B /* Core.h */,
				819FA930177B702E006A819B /* Core.m */,
				819FA931177B702E006A819B /* CustomerService.h */,
				819FA932177B702E006A819B /* CustomerService.m */,
			);
			name = "gen-cocoa";
			sourceTree = "<group>";
		};
		914A1B5B16E6EDCE0043989A /* protocol */ = {
			isa = PBXGroup;
			children = (
				914A1B2C16E6ED9B0043989A /* TBinaryProtocol.h */,
				914A1B2D16E6ED9B0043989A /* TBinaryProtocol.m */,
				914A1B2E16E6ED9B0043989A /* TProtocol.h */,
				914A1B2F16E6ED9B0043989A /* TProtocolException.h */,
				914A1B3016E6ED9B0043989A /* TProtocolException.m */,
				914A1B3116E6ED9B0043989A /* TProtocolFactory.h */,
				914A1B3216E6ED9B0043989A /* TProtocolUtil.h */,
				914A1B3316E6ED9B0043989A /* TProtocolUtil.m */,
			);
			name = protocol;
			sourceTree = "<group>";
		};
		914A1B5C16E6EDDB0043989A /* server */ = {
			isa = PBXGroup;
			children = (
				914A1B3416E6ED9B0043989A /* TSocketServer.h */,
				914A1B3516E6ED9B0043989A /* TSocketServer.m */,
			);
			name = server;
			sourceTree = "<group>";
		};
		914A1B5D16E6EDED0043989A /* thrift */ = {
			isa = PBXGroup;
			children = (
				914A1B3616E6ED9B0043989A /* TApplicationException.h */,
				914A1B3716E6ED9B0043989A /* TApplicationException.m */,
				914A1B3816E6ED9B0043989A /* TException.h */,
				914A1B3916E6ED9B0043989A /* TException.m */,
				914A1B3A16E6ED9B0043989A /* TObjective-C.h */,
				914A1B3B16E6ED9B0043989A /* TProcessor.h */,
				914A1B3C16E6ED9B0043989A /* TProcessorFactory.h */,
				914A1B4A16E6ED9B0043989A /* TSharedProcessorFactory.h */,
				914A1B4B16E6ED9B0043989A /* TSharedProcessorFactory.m */,
				914A1B5A16E6EDB60043989A /* gen-cocoa */,
				914A1B5B16E6EDCE0043989A /* protocol */,
				914A1B5E16E6EE490043989A /* transport */,
				914A1B5C16E6EDDB0043989A /* server */,
			);
			name = thrift;
			sourceTree = "<group>";
		};
		914A1B5E16E6EE490043989A /* transport */ = {
			isa = PBXGroup;
			children = (
				914A1B3D16E6ED9B0043989A /* THTTPClient.h */,
				914A1B3E16E6ED9B0043989A /* THTTPClient.m */,
				914A1B3F16E6ED9B0043989A /* TMemoryBuffer.h */,
				914A1B4016E6ED9B0043989A /* TMemoryBuffer.m */,
				914A1B4116E6ED9B0043989A /* TNSFileHandleTransport.h */,
				914A1B4216E6ED9B0043989A /* TNSFileHandleTransport.m */,
				914A1B4316E6ED9B0043989A /* TNSStreamTransport.h */,
				914A1B4416E6ED9B0043989A /* TNSStreamTransport.m */,
				914A1B4516E6ED9B0043989A /* TSocketClient.h */,
				914A1B4616E6ED9B0043989A /* TSocketClient.m */,
				914A1B4716E6ED9B0043989A /* TTransport.h */,
				914A1B4816E6ED9B0043989A /* TTransportException.h */,
				914A1B4916E6ED9B0043989A /* TTransportException.m */,
			);
			name = transport;
			sourceTree = "<group>";
		};
		914A1B5F16E6EE710043989A /* Managed Objects */ = {
			isa = PBXGroup;
			children = (
				914A1B1816E6ED390043989A /* ttAddress.h */,
				914A1B1916E6ED390043989A /* ttAddress.m */,
				91490D5C17472A4C00622A85 /* ttCategory.h */,
				91490D5D17472A4C00622A85 /* ttCategory.m */,
				914A1B1616E6ED390043989A /* ttCustomer.h */,
				914A1B1716E6ED390043989A /* ttCustomer.m */,
				91F7D6C916ED78F400D64C19 /* ttDeal.h */,
				91F7D6CA16ED78F400D64C19 /* ttDeal.m */,
				9179A9FB1725A6B80082DB62 /* ttDealAcquire.h */,
				9179A9FC1725A6B80082DB62 /* ttDealAcquire.m */,
				81510D79175EF44D002A869A /* ttGift.h */,
				81510D7A175EF44D002A869A /* ttGift.m */,
				919A32ED1743EBD40093FAC4 /* ttDealOffer.h */,
				919A32EE1743EBD40093FAC4 /* ttDealOffer.m */,
				917CBE42174550E400383EA1 /* ttLocation.h */,
				917CBE43174550E400383EA1 /* ttLocation.m */,
				914A1B1A16E6ED390043989A /* ttMerchant.h */,
				914A1B1B16E6ED390043989A /* ttMerchant.m */,
				9179A9F71725A68C0082DB62 /* ttMerchantLocation.h */,
				9179A9F81725A68C0082DB62 /* ttMerchantLocation.m */,
				91F546AC16F16EC400BEFF91 /* ttSocialAccount.h */,
				91F546AD16F16EC400BEFF91 /* ttSocialAccount.m */,
				91F546B016F16EEA00BEFF91 /* ttSocialNetworkDetail.h */,
				91F546B116F16EEA00BEFF91 /* ttSocialNetworkDetail.m */,
				91CC60C816F5354000647AEC /* ttToken.h */,
				91CC60C916F5354100647AEC /* ttToken.m */,
				81FF00F117611D860040E1F6 /* ttFriend.h */,
				81FF00F217611D860040E1F6 /* ttFriend.m */,
				819FA942177B7980006A819B /* ttActivity.h */,
				819FA943177B7980006A819B /* ttActivity.m */,
				819FA946177B79B8006A819B /* ttActivityLink.h */,
				819FA947177B79B8006A819B /* ttActivityLink.m */,
				914A1B6016E6EEA90043989A /* Generated */,
			);
			name = "Managed Objects";
			sourceTree = "<group>";
		};
		914A1B6016E6EEA90043989A /* Generated */ = {
			isa = PBXGroup;
			children = (
				8145C4431778C81C00880294 /* Talool.xcdatamodeld */,
				81FF00ED17611CF50040E1F6 /* TaloolToken.h */,
				81FF00EE17611CF50040E1F6 /* TaloolToken.m */,
				81FF00E917611CF50040E1F6 /* TaloolGift.h */,
				81FF00EA17611CF50040E1F6 /* TaloolGift.m */,
				81FF00E517611CF50040E1F6 /* Friend.h */,
				81FF00E617611CF50040E1F6 /* Friend.m */,
				81FF00E117611CF50040E1F6 /* TaloolDealAcquire.h */,
				81FF00E217611CF50040E1F6 /* TaloolDealAcquire.m */,
				81FF00DD17611CF40040E1F6 /* TaloolCustomer.h */,
				81FF00DE17611CF40040E1F6 /* TaloolCustomer.m */,
				811A9CDA1760368C00B42612 /* TaloolDeal.h */,
				811A9CDB1760368C00B42612 /* TaloolDeal.m */,
				811A9CC4175FFD0700B42612 /* TaloolCustomerUX.h */,
				811A9CC5175FFD0700B42612 /* TaloolCustomerUX.m */,
				81510D65175EF3DC002A869A /* SocialAccount.h */,
				81510D66175EF3DC002A869A /* SocialAccount.m */,
				91490D7417473D9300622A85 /* TaloolMerchant.h */,
				91490D7517473D9300622A85 /* TaloolMerchant.m */,
				91490D7017473D9100622A85 /* TaloolCategory.h */,
				91490D7117473D9100622A85 /* TaloolCategory.m */,
				91490D561747293800622A85 /* TaloolMerchantLocation.h */,
				91490D571747293800622A85 /* TaloolMerchantLocation.m */,
				917CBE3217454D5000383EA1 /* TaloolLocation.h */,
				917CBE3317454D5000383EA1 /* TaloolLocation.m */,
				917CBE2A17454D4F00383EA1 /* TaloolAddress.h */,
				917CBE2B17454D4F00383EA1 /* TaloolAddress.m */,
				919A32E91743EB540093FAC4 /* TaloolDealOffer.h */,
				919A32EA1743EB540093FAC4 /* TaloolDealOffer.m */,
				9179AA5C1728225D0082DB62 /* TaloolSearchOptions.h */,
				9179AA5D1728225D0082DB62 /* TaloolSearchOptions.m */,
				9179AA581728225A0082DB62 /* SocialNetworkDetail.h */,
				9179AA591728225A0082DB62 /* SocialNetworkDetail.m */,
				819FA93E177B7954006A819B /* TaloolActivityLink.h */,
				819FA93F177B7954006A819B /* TaloolActivityLink.m */,
				819FA93A177B7954006A819B /* TaloolActivity.h */,
				819FA93B177B7954006A819B /* TaloolActivity.m */,
			);
			name = Generated;
			sourceTree = "<group>";
		};
		914A1B6116E6EEE10043989A /* Model Controllers */ = {
			isa = PBXGroup;
			children = (
				914A1B1D16E6ED390043989A /* MerchantController.h */,
				914A1B1E16E6ED390043989A /* MerchantController.m */,
				914A1B1F16E6ED390043989A /* CustomerController.h */,
				914A1B2016E6ED390043989A /* CustomerController.m */,
				91CC60D016F57CD900647AEC /* TaloolHTTPClient.h */,
				91CC60D116F57CD900647AEC /* TaloolHTTPClient.m */,
			);
			name = "Model Controllers";
			sourceTree = "<group>";
		};
		9161489C16EBC99C001C546C /* TaloolAPIResources */ = {
			isa = PBXGroup;
			children = (
				9161489D16EBC99D001C546C /* Supporting Files */,
			);
			path = TaloolAPIResources;
			sourceTree = "<group>";
		};
		9161489D16EBC99D001C546C /* Supporting Files */ = {
			isa = PBXGroup;
			children = (
				9161489E16EBC99D001C546C /* TaloolAPIResources-Info.plist */,
				9161489F16EBC99D001C546C /* InfoPlist.strings */,
				916148A216EBC99D001C546C /* TaloolAPIResources-Prefix.pch */,
			);
			name = "Supporting Files";
			sourceTree = "<group>";
		};
		916148AC16EBC9E1001C546C /* TaloolAPIResources */ = {
			isa = PBXGroup;
			children = (
				916148AD16EBC9E1001C546C /* Supporting Files */,
			);
			path = TaloolAPIResources;
			sourceTree = "<group>";
		};
		916148AD16EBC9E1001C546C /* Supporting Files */ = {
			isa = PBXGroup;
			children = (
				916148AE16EBC9E1001C546C /* TaloolAPIResources-Info.plist */,
				916148AF16EBC9E1001C546C /* InfoPlist.strings */,
				916148B216EBC9E1001C546C /* TaloolAPIResources-Prefix.pch */,
			);
			name = "Supporting Files";
			sourceTree = "<group>";
		};
		91866B5A174BEF0E00083260 /* Errors */ = {
			isa = PBXGroup;
			children = (
				91866B56174BEEFD00083260 /* APIErrorManager.h */,
				91866B57174BEEFF00083260 /* APIErrorManager.m */,
				91866B5B174C156800083260 /* TaloolErrorHandler.h */,
				91866B5C174C156900083260 /* TaloolErrorHandler.m */,
			);
			name = Errors;
			sourceTree = "<group>";
		};
/* End PBXGroup section */

/* Begin PBXHeadersBuildPhase section */
		914A1B6716E702A70043989A /* Headers */ = {
			isa = PBXHeadersBuildPhase;
			buildActionMask = 2147483647;
			files = (
				91CC60CA16F5354100647AEC /* ttToken.h in Headers */,
				914A1B6916E702D70043989A /* ttCustomer.h in Headers */,
				914A1B6B16E703310043989A /* ttAddress.h in Headers */,
				914A1B6C16E703310043989A /* ttMerchant.h in Headers */,
				91F7D6CD16ED78F400D64C19 /* ttDeal.h in Headers */,
				9179A9FD1725A6B80082DB62 /* ttDealAcquire.h in Headers */,
				919A32EF1743EBD40093FAC4 /* ttDealOffer.h in Headers */,
				91F546AE16F16EC400BEFF91 /* ttSocialAccount.h in Headers */,
				91F546B216F16EEA00BEFF91 /* ttSocialNetworkDetail.h in Headers */,
				917CBE44174550E500383EA1 /* ttLocation.h in Headers */,
				9179A9F91725A68D0082DB62 /* ttMerchantLocation.h in Headers */,
				917CBE2C17454D4F00383EA1 /* TaloolAddress.h in Headers */,
				917CBE3417454D5000383EA1 /* TaloolLocation.h in Headers */,
				919A32EB1743EB540093FAC4 /* TaloolDealOffer.h in Headers */,
				91490D7217473D9200622A85 /* TaloolCategory.h in Headers */,
				91490D7617473D9400622A85 /* TaloolMerchant.h in Headers */,
				91490D581747293800622A85 /* TaloolMerchantLocation.h in Headers */,
				91490D5E17472A4C00622A85 /* ttCategory.h in Headers */,
				9179AA5E1728225D0082DB62 /* TaloolSearchOptions.h in Headers */,
				9161489316EBA743001C546C /* TaloolPersistentStoreCoordinator.h in Headers */,
				9179AA5A1728225B0082DB62 /* SocialNetworkDetail.h in Headers */,
				914A1B7016E703310043989A /* MerchantController.h in Headers */,
				914A1B7116E703310043989A /* CustomerController.h in Headers */,
				91F7D6CB16ED78F400D64C19 /* TaloolFrameworkHelper.h in Headers */,
				81510D67175EF3DC002A869A /* SocialAccount.h in Headers */,
				81FF00DF17611CF40040E1F6 /* TaloolCustomer.h in Headers */,
				81FF00E317611CF50040E1F6 /* TaloolDealAcquire.h in Headers */,
				81FF00E717611CF50040E1F6 /* Friend.h in Headers */,
				81FF00EB17611CF50040E1F6 /* TaloolGift.h in Headers */,
				81FF00EF17611CF50040E1F6 /* TaloolToken.h in Headers */,
				81FF00F317611D860040E1F6 /* ttFriend.h in Headers */,
				811A9CDC1760368D00B42612 /* TaloolDeal.h in Headers */,
				811A9CC6175FFD0700B42612 /* TaloolCustomerUX.h in Headers */,
				81510D7B175EF44D002A869A /* ttGift.h in Headers */,
				819FA93C177B7954006A819B /* TaloolActivity.h in Headers */,
				819FA940177B7954006A819B /* TaloolActivityLink.h in Headers */,
				914A1B7216E703310043989A /* TApplicationException.h in Headers */,
				914A1B7316E703310043989A /* TException.h in Headers */,
				914A1B7416E703310043989A /* TObjective-C.h in Headers */,
				914A1B7516E703310043989A /* TProcessor.h in Headers */,
				914A1B7616E703310043989A /* TProcessorFactory.h in Headers */,
				914A1B7716E703310043989A /* TSharedProcessorFactory.h in Headers */,
				914A1B7916E703310043989A /* TBinaryProtocol.h in Headers */,
				914A1B7A16E703310043989A /* TProtocol.h in Headers */,
				914A1B7B16E703310043989A /* TProtocolException.h in Headers */,
				914A1B7C16E703310043989A /* TProtocolFactory.h in Headers */,
				914A1B8516E703370043989A /* TSocketServer.h in Headers */,
				914A1B7D16E703310043989A /* TProtocolUtil.h in Headers */,
				914A1B7E16E703310043989A /* THTTPClient.h in Headers */,
				914A1B7F16E703310043989A /* TMemoryBuffer.h in Headers */,
				914A1B8016E703310043989A /* TNSFileHandleTransport.h in Headers */,
				914A1B8116E703310043989A /* TNSStreamTransport.h in Headers */,
				914A1B8216E703310043989A /* TSocketClient.h in Headers */,
				914A1B8316E703310043989A /* TTransport.h in Headers */,
				914A1B8416E703310043989A /* TTransportException.h in Headers */,
				91CC60D216F57CD900647AEC /* TaloolHTTPClient.h in Headers */,
				91866B58174BEF0200083260 /* APIErrorManager.h in Headers */,
				91866B5D174C156900083260 /* TaloolErrorHandler.h in Headers */,
				819FA933177B702E006A819B /* Activity.h in Headers */,
				819FA935177B702E006A819B /* Core.h in Headers */,
				819FA937177B702E006A819B /* CustomerService.h in Headers */,
				819FA944177B7980006A819B /* ttActivity.h in Headers */,
				819FA948177B79B8006A819B /* ttActivityLink.h in Headers */,
			);
			runOnlyForDeploymentPostprocessing = 0;
		};
/* End PBXHeadersBuildPhase section */

/* Begin PBXNativeTarget section */
		914A1AE316E6ECAC0043989A /* talool-api-ios */ = {
			isa = PBXNativeTarget;
			buildConfigurationList = 914A1B0916E6ECAD0043989A /* Build configuration list for PBXNativeTarget "talool-api-ios" */;
			buildPhases = (
				914A1AE016E6ECAC0043989A /* Sources */,
				914A1AE116E6ECAC0043989A /* Frameworks */,
				914A1AE216E6ECAC0043989A /* CopyFiles */,
				914A1B6716E702A70043989A /* Headers */,
			);
			buildRules = (
			);
			dependencies = (
			);
			name = "talool-api-ios";
			productName = "talool-api-ios";
			productReference = 914A1AE416E6ECAC0043989A /* libtalool-api-ios.a */;
			productType = "com.apple.product-type.library.static";
		};
		914A1AF416E6ECAD0043989A /* talool-api-iosTests */ = {
			isa = PBXNativeTarget;
			buildConfigurationList = 914A1B0C16E6ECAD0043989A /* Build configuration list for PBXNativeTarget "talool-api-iosTests" */;
			buildPhases = (
				914A1AF016E6ECAD0043989A /* Sources */,
				914A1AF116E6ECAD0043989A /* Frameworks */,
				914A1AF216E6ECAD0043989A /* Resources */,
				914A1AF316E6ECAD0043989A /* ShellScript */,
			);
			buildRules = (
			);
			dependencies = (
				91CC610B16FA023100647AEC /* PBXTargetDependency */,
			);
			name = "talool-api-iosTests";
			productName = "talool-api-iosTests";
			productReference = 914A1AF516E6ECAD0043989A /* talool-api-iosTests.octest */;
			productType = "com.apple.product-type.bundle";
		};
		916148A916EBC9E1001C546C /* TaloolAPIResources */ = {
			isa = PBXNativeTarget;
			buildConfigurationList = 916148B316EBC9E1001C546C /* Build configuration list for PBXNativeTarget "TaloolAPIResources" */;
			buildPhases = (
				916148A616EBC9E1001C546C /* Sources */,
				916148A716EBC9E1001C546C /* Frameworks */,
				916148A816EBC9E1001C546C /* Resources */,
			);
			buildRules = (
			);
			dependencies = (
			);
			name = TaloolAPIResources;
			productName = TaloolAPIResources;
			productReference = 916148AA16EBC9E1001C546C /* talool-api-ios.bundle */;
			productType = "com.apple.product-type.bundle";
		};
/* End PBXNativeTarget section */

/* Begin PBXProject section */
		914A1ADC16E6ECAC0043989A /* Project object */ = {
			isa = PBXProject;
			attributes = {
				LastUpgradeCheck = 0460;
				ORGANIZATIONNAME = "Douglas McCuen";
			};
			buildConfigurationList = 914A1ADF16E6ECAC0043989A /* Build configuration list for PBXProject "talool-api-ios" */;
			compatibilityVersion = "Xcode 3.2";
			developmentRegion = English;
			hasScannedForEncodings = 0;
			knownRegions = (
				en,
			);
			mainGroup = 914A1ADB16E6ECAC0043989A;
			productRefGroup = 914A1AE516E6ECAC0043989A /* Products */;
			projectDirPath = "";
			projectRoot = "";
			targets = (
				914A1AE316E6ECAC0043989A /* talool-api-ios */,
				914A1AF416E6ECAD0043989A /* talool-api-iosTests */,
				916148A916EBC9E1001C546C /* TaloolAPIResources */,
				916148B916EBCE8F001C546C /* Framework */,
			);
		};
/* End PBXProject section */

/* Begin PBXResourcesBuildPhase section */
		914A1AF216E6ECAD0043989A /* Resources */ = {
			isa = PBXResourcesBuildPhase;
			buildActionMask = 2147483647;
			files = (
				914A1B0316E6ECAD0043989A /* InfoPlist.strings in Resources */,
			);
			runOnlyForDeploymentPostprocessing = 0;
		};
		916148A816EBC9E1001C546C /* Resources */ = {
			isa = PBXResourcesBuildPhase;
			buildActionMask = 2147483647;
			files = (
				916148B116EBC9E1001C546C /* InfoPlist.strings in Resources */,
			);
			runOnlyForDeploymentPostprocessing = 0;
		};
/* End PBXResourcesBuildPhase section */

/* Begin PBXShellScriptBuildPhase section */
		914A1AF316E6ECAD0043989A /* ShellScript */ = {
			isa = PBXShellScriptBuildPhase;
			buildActionMask = 2147483647;
			files = (
			);
			inputPaths = (
			);
			outputPaths = (
			);
			runOnlyForDeploymentPostprocessing = 0;
			shellPath = /bin/sh;
			shellScript = "# Run the unit tests in this test bundle.\n\"${SYSTEM_DEVELOPER_DIR}/Tools/RunUnitTests\"\n";
		};
/* End PBXShellScriptBuildPhase section */

/* Begin PBXSourcesBuildPhase section */
		914A1AE016E6ECAC0043989A /* Sources */ = {
			isa = PBXSourcesBuildPhase;
			buildActionMask = 2147483647;
			files = (
				914A1B2516E6ED390043989A /* ttCustomer.m in Sources */,
				914A1B2616E6ED390043989A /* ttAddress.m in Sources */,
				914A1B2716E6ED390043989A /* ttMerchant.m in Sources */,
				914A1B2816E6ED390043989A /* MerchantController.m in Sources */,
				914A1B2916E6ED390043989A /* CustomerController.m in Sources */,
				914A1B4D16E6ED9B0043989A /* TBinaryProtocol.m in Sources */,
				914A1B4E16E6ED9B0043989A /* TProtocolException.m in Sources */,
				914A1B4F16E6ED9B0043989A /* TProtocolUtil.m in Sources */,
				914A1B5016E6ED9B0043989A /* TSocketServer.m in Sources */,
				914A1B5116E6ED9B0043989A /* TApplicationException.m in Sources */,
				914A1B5216E6ED9B0043989A /* TException.m in Sources */,
				914A1B5316E6ED9B0043989A /* THTTPClient.m in Sources */,
				914A1B5416E6ED9B0043989A /* TMemoryBuffer.m in Sources */,
				914A1B5516E6ED9B0043989A /* TNSFileHandleTransport.m in Sources */,
				914A1B5616E6ED9B0043989A /* TNSStreamTransport.m in Sources */,
				914A1B5716E6ED9B0043989A /* TSocketClient.m in Sources */,
				914A1B5816E6ED9B0043989A /* TTransportException.m in Sources */,
				914A1B5916E6ED9B0043989A /* TSharedProcessorFactory.m in Sources */,
				9161489416EBA743001C546C /* TaloolPersistentStoreCoordinator.m in Sources */,
				91F7D6CC16ED78F400D64C19 /* TaloolFrameworkHelper.m in Sources */,
				91F7D6CE16ED78F400D64C19 /* ttDeal.m in Sources */,
				91F546AF16F16EC400BEFF91 /* ttSocialAccount.m in Sources */,
				91F546B316F16EEA00BEFF91 /* ttSocialNetworkDetail.m in Sources */,
				91CC60CB16F5354100647AEC /* ttToken.m in Sources */,
				91CC60D316F57CD900647AEC /* TaloolHTTPClient.m in Sources */,
				9179A9FA1725A68D0082DB62 /* ttMerchantLocation.m in Sources */,
				9179A9FE1725A6B80082DB62 /* ttDealAcquire.m in Sources */,
				9179AA5B1728225B0082DB62 /* SocialNetworkDetail.m in Sources */,
				9179AA5F1728225D0082DB62 /* TaloolSearchOptions.m in Sources */,
				919A32EC1743EB540093FAC4 /* TaloolDealOffer.m in Sources */,
				919A32F01743EBD40093FAC4 /* ttDealOffer.m in Sources */,
				917CBE2D17454D4F00383EA1 /* TaloolAddress.m in Sources */,
				917CBE3517454D5000383EA1 /* TaloolLocation.m in Sources */,
				917CBE45174550E500383EA1 /* ttLocation.m in Sources */,
				91490D591747293800622A85 /* TaloolMerchantLocation.m in Sources */,
				91490D5F17472A4C00622A85 /* ttCategory.m in Sources */,
				91490D7317473D9200622A85 /* TaloolCategory.m in Sources */,
				91490D7717473D9400622A85 /* TaloolMerchant.m in Sources */,
				91866B59174BEF0200083260 /* APIErrorManager.m in Sources */,
				91866B5E174C156900083260 /* TaloolErrorHandler.m in Sources */,
				81510D68175EF3DC002A869A /* SocialAccount.m in Sources */,
				81510D7C175EF44D002A869A /* ttGift.m in Sources */,
				811A9CC7175FFD0700B42612 /* TaloolCustomerUX.m in Sources */,
				811A9CDD1760368D00B42612 /* TaloolDeal.m in Sources */,
				81FF00E017611CF40040E1F6 /* TaloolCustomer.m in Sources */,
				81FF00E417611CF50040E1F6 /* TaloolDealAcquire.m in Sources */,
				81FF00E817611CF50040E1F6 /* Friend.m in Sources */,
				81FF00EC17611CF50040E1F6 /* TaloolGift.m in Sources */,
				81FF00F017611CF50040E1F6 /* TaloolToken.m in Sources */,
				81FF00F417611D860040E1F6 /* ttFriend.m in Sources */,
				8145C4461778C81C00880294 /* Talool.xcdatamodeld in Sources */,
				819FA934177B702E006A819B /* Activity.m in Sources */,
				819FA936177B702E006A819B /* Core.m in Sources */,
				819FA938177B702E006A819B /* CustomerService.m in Sources */,
				819FA93D177B7954006A819B /* TaloolActivity.m in Sources */,
				819FA941177B7954006A819B /* TaloolActivityLink.m in Sources */,
				819FA945177B7980006A819B /* ttActivity.m in Sources */,
				819FA949177B79B8006A819B /* ttActivityLink.m in Sources */,
			);
			runOnlyForDeploymentPostprocessing = 0;
		};
		914A1AF016E6ECAD0043989A /* Sources */ = {
			isa = PBXSourcesBuildPhase;
			buildActionMask = 2147483647;
			files = (
				914A1B0616E6ECAD0043989A /* talool_api_iosTests.m in Sources */,
			);
			runOnlyForDeploymentPostprocessing = 0;
		};
		916148A616EBC9E1001C546C /* Sources */ = {
			isa = PBXSourcesBuildPhase;
			buildActionMask = 2147483647;
			files = (
				8145C4561778F98000880294 /* Talool.xcdatamodeld in Sources */,
			);
			runOnlyForDeploymentPostprocessing = 0;
		};
/* End PBXSourcesBuildPhase section */

/* Begin PBXTargetDependency section */
		916148BE16EBCEA2001C546C /* PBXTargetDependency */ = {
			isa = PBXTargetDependency;
			target = 914A1AE316E6ECAC0043989A /* talool-api-ios */;
			targetProxy = 916148BD16EBCEA2001C546C /* PBXContainerItemProxy */;
		};
		916148C016EBCEA6001C546C /* PBXTargetDependency */ = {
			isa = PBXTargetDependency;
			target = 916148A916EBC9E1001C546C /* TaloolAPIResources */;
			targetProxy = 916148BF16EBCEA6001C546C /* PBXContainerItemProxy */;
		};
		916148C416EBDDFA001C546C /* PBXTargetDependency */ = {
			isa = PBXTargetDependency;
			target = 914A1AF416E6ECAD0043989A /* talool-api-iosTests */;
			targetProxy = 916148C316EBDDFA001C546C /* PBXContainerItemProxy */;
		};
		91CC610B16FA023100647AEC /* PBXTargetDependency */ = {
			isa = PBXTargetDependency;
			target = 914A1AE316E6ECAC0043989A /* talool-api-ios */;
			targetProxy = 91CC610A16FA023100647AEC /* PBXContainerItemProxy */;
		};
/* End PBXTargetDependency section */

/* Begin PBXVariantGroup section */
		914A1B0116E6ECAD0043989A /* InfoPlist.strings */ = {
			isa = PBXVariantGroup;
			children = (
				914A1B0216E6ECAD0043989A /* en */,
			);
			name = InfoPlist.strings;
			sourceTree = "<group>";
		};
		9161489F16EBC99D001C546C /* InfoPlist.strings */ = {
			isa = PBXVariantGroup;
			children = (
				916148A016EBC99D001C546C /* en */,
			);
			name = InfoPlist.strings;
			sourceTree = "<group>";
		};
		916148AF16EBC9E1001C546C /* InfoPlist.strings */ = {
			isa = PBXVariantGroup;
			children = (
				916148B016EBC9E1001C546C /* en */,
			);
			name = InfoPlist.strings;
			sourceTree = "<group>";
		};
/* End PBXVariantGroup section */

/* Begin XCBuildConfiguration section */
		914A1B0716E6ECAD0043989A /* Debug */ = {
			isa = XCBuildConfiguration;
			buildSettings = {
				ALWAYS_SEARCH_USER_PATHS = NO;
				CLANG_CXX_LANGUAGE_STANDARD = "gnu++0x";
				CLANG_CXX_LIBRARY = "libc++";
				CLANG_ENABLE_OBJC_ARC = YES;
				CLANG_WARN_CONSTANT_CONVERSION = YES;
				CLANG_WARN_EMPTY_BODY = YES;
				CLANG_WARN_ENUM_CONVERSION = YES;
				CLANG_WARN_INT_CONVERSION = YES;
				CLANG_WARN__DUPLICATE_METHOD_MATCH = YES;
				COPY_PHASE_STRIP = NO;
				DEAD_CODE_STRIPPING = NO;
				GCC_C_LANGUAGE_STANDARD = gnu99;
				GCC_DYNAMIC_NO_PIC = NO;
				GCC_OPTIMIZATION_LEVEL = 0;
				GCC_PREPROCESSOR_DEFINITIONS = (
					"DEBUG=1",
					"$(inherited)",
				);
				GCC_SYMBOLS_PRIVATE_EXTERN = NO;
				GCC_WARN_ABOUT_RETURN_TYPE = YES;
				GCC_WARN_UNINITIALIZED_AUTOS = YES;
				GCC_WARN_UNUSED_VARIABLE = YES;
				IPHONEOS_DEPLOYMENT_TARGET = 6.1;
				ONLY_ACTIVE_ARCH = YES;
				SDKROOT = iphoneos;
				STRIP_STYLE = "non-global";
			};
			name = Debug;
		};
		914A1B0816E6ECAD0043989A /* Release */ = {
			isa = XCBuildConfiguration;
			buildSettings = {
				ALWAYS_SEARCH_USER_PATHS = NO;
				CLANG_CXX_LANGUAGE_STANDARD = "gnu++0x";
				CLANG_CXX_LIBRARY = "libc++";
				CLANG_ENABLE_OBJC_ARC = YES;
				CLANG_WARN_CONSTANT_CONVERSION = YES;
				CLANG_WARN_EMPTY_BODY = YES;
				CLANG_WARN_ENUM_CONVERSION = YES;
				CLANG_WARN_INT_CONVERSION = YES;
				CLANG_WARN__DUPLICATE_METHOD_MATCH = YES;
				COPY_PHASE_STRIP = NO;
				DEAD_CODE_STRIPPING = NO;
				GCC_C_LANGUAGE_STANDARD = gnu99;
				GCC_WARN_ABOUT_RETURN_TYPE = YES;
				GCC_WARN_UNINITIALIZED_AUTOS = YES;
				GCC_WARN_UNUSED_VARIABLE = YES;
				IPHONEOS_DEPLOYMENT_TARGET = 6.1;
				SDKROOT = iphoneos;
				STRIP_STYLE = "non-global";
				VALIDATE_PRODUCT = YES;
			};
			name = Release;
		};
		914A1B0A16E6ECAD0043989A /* Debug */ = {
			isa = XCBuildConfiguration;
			buildSettings = {
				ALWAYS_SEARCH_USER_PATHS = YES;
				DSTROOT = /tmp/talool_api_ios.dst;
				FRAMEWORK_SEARCH_PATHS = (
					"$(SRCROOT)",
					"$(inherited)",
				);
				GCC_PRECOMPILE_PREFIX_HEADER = YES;
				GCC_PREFIX_HEADER = "talool-api-ios/talool-api-ios-Prefix.pch";
				OTHER_LDFLAGS = "-ObjC";
				PRODUCT_NAME = "$(TARGET_NAME)";
				PUBLIC_HEADERS_FOLDER_PATH = "include/$(TARGET_NAME)";
				SKIP_INSTALL = YES;
			};
			name = Debug;
		};
		914A1B0B16E6ECAD0043989A /* Release */ = {
			isa = XCBuildConfiguration;
			buildSettings = {
				ALWAYS_SEARCH_USER_PATHS = YES;
				DSTROOT = /tmp/talool_api_ios.dst;
				FRAMEWORK_SEARCH_PATHS = (
					"$(SRCROOT)",
					"$(inherited)",
				);
				GCC_PRECOMPILE_PREFIX_HEADER = YES;
				GCC_PREFIX_HEADER = "talool-api-ios/talool-api-ios-Prefix.pch";
				OTHER_LDFLAGS = "-ObjC";
				PRODUCT_NAME = "$(TARGET_NAME)";
				PUBLIC_HEADERS_FOLDER_PATH = "include/$(TARGET_NAME)";
				SKIP_INSTALL = YES;
			};
			name = Release;
		};
		914A1B0D16E6ECAD0043989A /* Debug */ = {
			isa = XCBuildConfiguration;
			buildSettings = {
				BUNDLE_LOADER = "";
				FRAMEWORK_SEARCH_PATHS = (
					"\"$(SDKROOT)/Developer/Library/Frameworks\"",
					"\"$(DEVELOPER_LIBRARY_DIR)/Frameworks\"",
				);
				GCC_PRECOMPILE_PREFIX_HEADER = YES;
				GCC_PREFIX_HEADER = "talool-api-ios/talool-api-ios-Prefix.pch";
				INFOPLIST_FILE = "talool-api-iosTests/talool-api-iosTests-Info.plist";
				PRODUCT_NAME = "$(TARGET_NAME)";
				TEST_HOST = "$(BUNDLE_LOADER)";
				WRAPPER_EXTENSION = octest;
			};
			name = Debug;
		};
		914A1B0E16E6ECAD0043989A /* Release */ = {
			isa = XCBuildConfiguration;
			buildSettings = {
				BUNDLE_LOADER = "";
				FRAMEWORK_SEARCH_PATHS = (
					"\"$(SDKROOT)/Developer/Library/Frameworks\"",
					"\"$(DEVELOPER_LIBRARY_DIR)/Frameworks\"",
				);
				GCC_PRECOMPILE_PREFIX_HEADER = YES;
				GCC_PREFIX_HEADER = "talool-api-ios/talool-api-ios-Prefix.pch";
				INFOPLIST_FILE = "talool-api-iosTests/talool-api-iosTests-Info.plist";
				PRODUCT_NAME = "$(TARGET_NAME)";
				TEST_HOST = "$(BUNDLE_LOADER)";
				WRAPPER_EXTENSION = octest;
			};
			name = Release;
		};
		916148B416EBC9E1001C546C /* Debug */ = {
			isa = XCBuildConfiguration;
			buildSettings = {
				ARCHS = "$(ARCHS_STANDARD_32_BIT)";
				COMBINE_HIDPI_IMAGES = YES;
				GCC_ENABLE_OBJC_EXCEPTIONS = YES;
				GCC_PRECOMPILE_PREFIX_HEADER = YES;
				GCC_PREFIX_HEADER = "TaloolAPIResources/TaloolAPIResources-Prefix.pch";
				GCC_WARN_64_TO_32_BIT_CONVERSION = YES;
				INFOPLIST_FILE = "TaloolAPIResources/TaloolAPIResources-Info.plist";
				INSTALL_PATH = "$(LOCAL_LIBRARY_DIR)/Bundles";
				MACOSX_DEPLOYMENT_TARGET = 10.8;
				ONLY_ACTIVE_ARCH = NO;
				PRODUCT_NAME = "talool-api-ios";
				SDKROOT = iphoneos;
				WRAPPER_EXTENSION = bundle;
			};
			name = Debug;
		};
		916148B516EBC9E1001C546C /* Release */ = {
			isa = XCBuildConfiguration;
			buildSettings = {
				ARCHS = "$(ARCHS_STANDARD_32_BIT)";
				COMBINE_HIDPI_IMAGES = YES;
				COPY_PHASE_STRIP = YES;
				DEBUG_INFORMATION_FORMAT = "dwarf-with-dsym";
				GCC_ENABLE_OBJC_EXCEPTIONS = YES;
				GCC_PRECOMPILE_PREFIX_HEADER = YES;
				GCC_PREFIX_HEADER = "TaloolAPIResources/TaloolAPIResources-Prefix.pch";
				GCC_WARN_64_TO_32_BIT_CONVERSION = YES;
				INFOPLIST_FILE = "TaloolAPIResources/TaloolAPIResources-Info.plist";
				INSTALL_PATH = "$(LOCAL_LIBRARY_DIR)/Bundles";
				MACOSX_DEPLOYMENT_TARGET = 10.8;
				ONLY_ACTIVE_ARCH = NO;
				PRODUCT_NAME = "talool-api-ios";
				SDKROOT = iphoneos;
				WRAPPER_EXTENSION = bundle;
			};
			name = Release;
		};
		916148BB16EBCE8F001C546C /* Debug */ = {
			isa = XCBuildConfiguration;
			buildSettings = {
				PRODUCT_NAME = "$(TARGET_NAME)";
			};
			name = Debug;
		};
		916148BC16EBCE8F001C546C /* Release */ = {
			isa = XCBuildConfiguration;
			buildSettings = {
				PRODUCT_NAME = "$(TARGET_NAME)";
			};
			name = Release;
		};
/* End XCBuildConfiguration section */

/* Begin XCConfigurationList section */
		914A1ADF16E6ECAC0043989A /* Build configuration list for PBXProject "talool-api-ios" */ = {
			isa = XCConfigurationList;
			buildConfigurations = (
				914A1B0716E6ECAD0043989A /* Debug */,
				914A1B0816E6ECAD0043989A /* Release */,
			);
			defaultConfigurationIsVisible = 0;
			defaultConfigurationName = Release;
		};
		914A1B0916E6ECAD0043989A /* Build configuration list for PBXNativeTarget "talool-api-ios" */ = {
			isa = XCConfigurationList;
			buildConfigurations = (
				914A1B0A16E6ECAD0043989A /* Debug */,
				914A1B0B16E6ECAD0043989A /* Release */,
			);
			defaultConfigurationIsVisible = 0;
			defaultConfigurationName = Release;
		};
		914A1B0C16E6ECAD0043989A /* Build configuration list for PBXNativeTarget "talool-api-iosTests" */ = {
			isa = XCConfigurationList;
			buildConfigurations = (
				914A1B0D16E6ECAD0043989A /* Debug */,
				914A1B0E16E6ECAD0043989A /* Release */,
			);
			defaultConfigurationIsVisible = 0;
			defaultConfigurationName = Release;
		};
		916148B316EBC9E1001C546C /* Build configuration list for PBXNativeTarget "TaloolAPIResources" */ = {
			isa = XCConfigurationList;
			buildConfigurations = (
				916148B416EBC9E1001C546C /* Debug */,
				916148B516EBC9E1001C546C /* Release */,
			);
			defaultConfigurationIsVisible = 0;
			defaultConfigurationName = Release;
		};
		916148BA16EBCE8F001C546C /* Build configuration list for PBXAggregateTarget "Framework" */ = {
			isa = XCConfigurationList;
			buildConfigurations = (
				916148BB16EBCE8F001C546C /* Debug */,
				916148BC16EBCE8F001C546C /* Release */,
			);
			defaultConfigurationIsVisible = 0;
			defaultConfigurationName = Release;
		};
/* End XCConfigurationList section */

/* Begin XCVersionGroup section */
		8145C4431778C81C00880294 /* Talool.xcdatamodeld */ = {
			isa = XCVersionGroup;
			children = (
				819FA939177B717E006A819B /* Talool.xcdatamodel */,
				8145C4441778C81C00880294 /* Talool02.xcdatamodel */,
				8145C4451778C81C00880294 /* Talool01.xcdatamodel */,
			);
			currentVersion = 819FA939177B717E006A819B /* Talool.xcdatamodel */;
			path = Talool.xcdatamodeld;
			sourceTree = "<group>";
			versionGroupType = wrapper.xcdatamodel;
		};
/* End XCVersionGroup section */
	};
	rootObject = 914A1ADC16E6ECAC0043989A /* Project object */;
}
